<?xml version="1.0" encoding="utf-8"?>
<Project ToolsVersion="4.0" xmlns="http://schemas.microsoft.com/developer/msbuild/2003">
  <ItemGroup>
    <Filter Include="Source Files">
      <UniqueIdentifier>{4FC737F1-C7A5-4376-A066-2A32D752A2FF}</UniqueIdentifier>
      <Extensions>cpp;c;cc;cxx;def;odl;idl;hpj;bat;asm;asmx</Extensions>
    </Filter>
    <Filter Include="Resource Files">
      <UniqueIdentifier>{67DA6AB6-F800-4c08-8B7A-83BB121AAD01}</UniqueIdentifier>
      <Extensions>rc;ico;cur;bmp;dlg;rc2;rct;bin;rgs;gif;jpg;jpeg;jpe;resx;tiff;tif;png;wav;mfcribbon-ms</Extensions>
    </Filter>
    <Filter Include="Include">
      <UniqueIdentifier>{93995380-89BD-4b04-88EB-625FBE52EBFB}</UniqueIdentifier>
      <Extensions>h;hpp;hxx;hm;inl;inc;xsd</Extensions>
    </Filter>
    <Filter Include="incl">
      <UniqueIdentifier>{db708c96-00b6-456d-8b1e-c637b4ee082b}</UniqueIdentifier>
    </Filter>
  </ItemGroup>
  <ItemGroup>
    <None Include="ReadMe.txt" />
    <None Include="..\incl\OggFile.h">
      <Filter>incl</Filter>
    </None>
  </ItemGroup>
  <ItemGroup>
    <ClCompile Include="..\src\dllmain.cpp">
      <Filter>Source Files</Filter>
    </ClCompile>
    <ClCompile Include="..\src\gdx-audio.cpp">
      <Filter>Source Files</Filter>
    </ClCompile>
    <ClCompile Include="..\src\stdafx.cpp">
      <Filter>Source Files</Filter>
    </ClCompile>
    <ClCompile Include="..\src\Mp3File.cpp">
      <Filter>Source Files</Filter>
    </ClCompile>
    <ClCompile Include="..\src\Mpg123Decoder.cpp">
      <Filter>Source Files</Filter>
    </ClCompile>
    <ClCompile Include="..\src\WavInputStream.cpp">
      <Filter>Source Files</Filter>
    </ClCompile>
    <ClCompile Include="..\src\WavDecoder.cpp">
      <Filter>Source Files</Filter>
    </ClCompile>
    <ClCompile Include="..\src\VorbisDecoder.cpp">
      <Filter>Source Files</Filter>
    </ClCompile>
  </ItemGroup>
  <ItemGroup>
    <ClInclude Include="..\incl\stdafx.h">
      <Filter>incl</Filter>
    </ClInclude>
    <ClInclude Include="..\incl\targetver.h">
      <Filter>incl</Filter>
    </ClInclude>
    <ClInclude Include="..\incl\Mp3File.h">
      <Filter>incl</Filter>
    </ClInclude>
    <ClInclude Include="..\incl\WavInputStream.h">
      <Filter>incl</Filter>
    </ClInclude>
    <ClInclude Include="..\include\Decoder.h">
      <Filter>Include</Filter>
    </ClInclude>
    <ClInclude Include="..\include\GdxAudioDefines.h">
      <Filter>Include</Filter>
    </ClInclude>
    <ClInclude Include="..\include\Mpg123Decoder.h">
      <Filter>Include</Filter>
    </ClInclude>
    <ClInclude Include="..\include\VorbisDecoder.h">
      <Filter>Include</Filter>
    </ClInclude>
    <ClInclude Include="..\include\WavDecoder.h">
      <Filter>Include</Filter>
    </ClInclude>
  </ItemGroup>
</Project>