<?xml version="1.0" encoding="utf-8"?>
<Project ToolsVersion="4.0" xmlns="http://schemas.microsoft.com/developer/msbuild/2003">
  <ItemGroup>
    <Filter Include="Source Files">
      <UniqueIdentifier>{4FC737F1-C7A5-4376-A066-2A32D752A2FF}</UniqueIdentifier>
      <Extensions>cpp;c;cc;cxx;def;odl;idl;hpj;bat;asm;asmx</Extensions>
    </Filter>
    <Filter Include="Header Files">
      <UniqueIdentifier>{93995380-89BD-4b04-88EB-625FBE52EBFB}</UniqueIdentifier>
      <Extensions>h;hpp;hxx;hm;inl;inc;xsd</Extensions>
    </Filter>
    <Filter Include="Resource Files">
      <UniqueIdentifier>{67DA6AB6-F800-4c08-8B7A-83BB121AAD01}</UniqueIdentifier>
      <Extensions>rc;ico;cur;bmp;dlg;rc2;rct;bin;rgs;gif;jpg;jpeg;jpe;resx;tiff;tif;png;wav;mfcribbon-ms</Extensions>
    </Filter>
  </ItemGroup>
  <ItemGroup>
    <ClCompile Include="..\src\Metagun.cpp">
      <Filter>Source Files</Filter>
    </ClCompile>
    <ClCompile Include="..\src\stdafx.cpp">
      <Filter>Source Files</Filter>
    </ClCompile>
    <ClCompile Include="..\src\InputMeta.cpp">
      <Filter>Source Files</Filter>
    </ClCompile>
    <ClCompile Include="..\src\Art.cpp">
      <Filter>Source Files</Filter>
    </ClCompile>
    <ClCompile Include="..\src\SoundMeta.cpp">
      <Filter>Source Files</Filter>
    </ClCompile>
    <ClCompile Include="..\src\TitleScreen.cpp">
      <Filter>Source Files</Filter>
    </ClCompile>
    <ClCompile Include="..\src\Screen.cpp">
      <Filter>Source Files</Filter>
    </ClCompile>
    <ClCompile Include="..\src\WinScreen.cpp">
      <Filter>Source Files</Filter>
    </ClCompile>
    <ClCompile Include="..\src\ExpositionScreen.cpp">
      <Filter>Source Files</Filter>
    </ClCompile>
    <ClCompile Include="..\src\GameScreen.cpp">
      <Filter>Source Files</Filter>
    </ClCompile>
    <ClCompile Include="..\src\LevelTransitionScreen.cpp">
      <Filter>Source Files</Filter>
    </ClCompile>
    <ClCompile Include="..\src\PauseScreen.cpp">
      <Filter>Source Files</Filter>
    </ClCompile>
    <ClCompile Include="..\src\SignReadScreen.cpp">
      <Filter>Source Files</Filter>
    </ClCompile>
    <ClCompile Include="..\src\Level.cpp">
      <Filter>Source Files</Filter>
    </ClCompile>
    <ClCompile Include="..\src\Camera.cpp">
      <Filter>Source Files</Filter>
    </ClCompile>
    <ClCompile Include="..\src\Entity.cpp">
      <Filter>Source Files</Filter>
    </ClCompile>
    <ClCompile Include="..\src\Bullet.cpp">
      <Filter>Source Files</Filter>
    </ClCompile>
    <ClCompile Include="..\src\Boss.cpp">
      <Filter>Source Files</Filter>
    </ClCompile>
    <ClCompile Include="..\src\BossNeck.cpp">
      <Filter>Source Files</Filter>
    </ClCompile>
    <ClCompile Include="..\src\BossPart.cpp">
      <Filter>Source Files</Filter>
    </ClCompile>
    <ClCompile Include="..\src\Explosion.cpp">
      <Filter>Source Files</Filter>
    </ClCompile>
    <ClCompile Include="..\src\Gore.cpp">
      <Filter>Source Files</Filter>
    </ClCompile>
    <ClCompile Include="..\src\Gremlin.cpp">
      <Filter>Source Files</Filter>
    </ClCompile>
    <ClCompile Include="..\src\Gunner.cpp">
      <Filter>Source Files</Filter>
    </ClCompile>
    <ClCompile Include="..\src\Hat.cpp">
      <Filter>Source Files</Filter>
    </ClCompile>
    <ClCompile Include="..\src\HeadGore.cpp">
      <Filter>Source Files</Filter>
    </ClCompile>
    <ClCompile Include="..\src\Jabberwocky.cpp">
      <Filter>Source Files</Filter>
    </ClCompile>
    <ClCompile Include="..\src\Player.cpp">
      <Filter>Source Files</Filter>
    </ClCompile>
    <ClCompile Include="..\src\PlayerGore.cpp">
      <Filter>Source Files</Filter>
    </ClCompile>
    <ClCompile Include="..\src\Sign.cpp">
      <Filter>Source Files</Filter>
    </ClCompile>
    <ClCompile Include="..\src\Spark.cpp">
      <Filter>Source Files</Filter>
    </ClCompile>
    <ClCompile Include="..\src\Stats.cpp">
      <Filter>Source Files</Filter>
    </ClCompile>
  </ItemGroup>
  <ItemGroup>
    <ClInclude Include="..\incl\Metagun.h">
      <Filter>Header Files</Filter>
    </ClInclude>
    <ClInclude Include="..\incl\stdafx.h">
      <Filter>Header Files</Filter>
    </ClInclude>
    <ClInclude Include="..\incl\InputMeta.h">
      <Filter>Header Files</Filter>
    </ClInclude>
    <ClInclude Include="..\incl\Art.h">
      <Filter>Header Files</Filter>
    </ClInclude>
    <ClInclude Include="..\incl\SoundMeta.h">
      <Filter>Header Files</Filter>
    </ClInclude>
    <ClInclude Include="..\incl\TitleScreen.h">
      <Filter>Header Files</Filter>
    </ClInclude>
    <ClInclude Include="..\incl\Screen.h">
      <Filter>Header Files</Filter>
    </ClInclude>
    <ClInclude Include="..\incl\WinScreen.h">
      <Filter>Header Files</Filter>
    </ClInclude>
    <ClInclude Include="..\incl\ExpositionScreen.h">
      <Filter>Header Files</Filter>
    </ClInclude>
    <ClInclude Include="..\incl\GameScreen.h">
      <Filter>Header Files</Filter>
    </ClInclude>
    <ClInclude Include="..\incl\LevelTransitionScreen.h">
      <Filter>Header Files</Filter>
    </ClInclude>
    <ClInclude Include="..\incl\PauseScreen.h">
      <Filter>Header Files</Filter>
    </ClInclude>
    <ClInclude Include="..\incl\SignReadScreen.h">
      <Filter>Header Files</Filter>
    </ClInclude>
    <ClInclude Include="..\incl\Camera.h">
      <Filter>Header Files</Filter>
    </ClInclude>
    <ClInclude Include="..\incl\Level.h">
      <Filter>Header Files</Filter>
    </ClInclude>
    <ClInclude Include="..\incl\Entity.h">
      <Filter>Header Files</Filter>
    </ClInclude>
    <ClInclude Include="..\incl\Bullet.h">
      <Filter>Header Files</Filter>
    </ClInclude>
    <ClInclude Include="..\incl\Boss.h">
      <Filter>Header Files</Filter>
    </ClInclude>
    <ClInclude Include="..\incl\BossNeck.h">
      <Filter>Header Files</Filter>
    </ClInclude>
    <ClInclude Include="..\incl\BossPart.h">
      <Filter>Header Files</Filter>
    </ClInclude>
    <ClInclude Include="..\incl\Explosion.h">
      <Filter>Header Files</Filter>
    </ClInclude>
    <ClInclude Include="..\incl\Gore.h">
      <Filter>Header Files</Filter>
    </ClInclude>
    <ClInclude Include="..\incl\Gremlin.h">
      <Filter>Header Files</Filter>
    </ClInclude>
    <ClInclude Include="..\incl\Gunner.h">
      <Filter>Header Files</Filter>
    </ClInclude>
    <ClInclude Include="..\incl\Hat.h">
      <Filter>Header Files</Filter>
    </ClInclude>
    <ClInclude Include="..\incl\HeadGore.h">
      <Filter>Header Files</Filter>
    </ClInclude>
    <ClInclude Include="..\incl\Jabberwocky.h">
      <Filter>Header Files</Filter>
    </ClInclude>
    <ClInclude Include="..\incl\Player.h">
      <Filter>Header Files</Filter>
    </ClInclude>
    <ClInclude Include="..\incl\PlayerGore.h">
      <Filter>Header Files</Filter>
    </ClInclude>
    <ClInclude Include="..\incl\Sign.h">
      <Filter>Header Files</Filter>
    </ClInclude>
    <ClInclude Include="..\incl\Spark.h">
      <Filter>Header Files</Filter>
    </ClInclude>
    <ClInclude Include="..\incl\targetver.h">
      <Filter>Header Files</Filter>
    </ClInclude>
    <ClInclude Include="..\incl\Stats.h">
      <Filter>Header Files</Filter>
    </ClInclude>
  </ItemGroup>
</Project>