<?xml version="1.0" encoding="utf-8"?>
<Project ToolsVersion="4.0" xmlns="http://schemas.microsoft.com/developer/msbuild/2003">
  <ItemGroup>
    <Filter Include="Source Files">
      <UniqueIdentifier>{4FC737F1-C7A5-4376-A066-2A32D752A2FF}</UniqueIdentifier>
      <Extensions>cpp;c;cc;cxx;def;odl;idl;hpj;bat;asm;asmx</Extensions>
    </Filter>
    <Filter Include="Resource Files">
      <UniqueIdentifier>{67DA6AB6-F800-4c08-8B7A-83BB121AAD01}</UniqueIdentifier>
      <Extensions>rc;ico;cur;bmp;dlg;rc2;rct;bin;rgs;gif;jpg;jpeg;jpe;resx;tiff;tif;png;wav;mfcribbon-ms</Extensions>
    </Filter>
    <Filter Include="Include">
      <UniqueIdentifier>{20c89724-a8d2-4bb6-90db-1a335622b85f}</UniqueIdentifier>
    </Filter>
    <Filter Include="incl">
      <UniqueIdentifier>{93995380-89BD-4b04-88EB-625FBE52EBFB}</UniqueIdentifier>
      <Extensions>h;hpp;hxx;hm;inl;inc;xsd</Extensions>
    </Filter>
    <Filter Include="extern">
      <UniqueIdentifier>{c3abb096-f736-4141-9c9d-b2f6e8ca490d}</UniqueIdentifier>
    </Filter>
  </ItemGroup>
  <ItemGroup>
    <None Include="ReadMe.txt" />
  </ItemGroup>
  <ItemGroup>
    <ClCompile Include="..\src\stdafx.cpp">
      <Filter>Source Files</Filter>
    </ClCompile>
    <ClCompile Include="..\src\WindowsAudio.cpp">
      <Filter>Source Files</Filter>
    </ClCompile>
    <ClCompile Include="..\src\WindowsAudioDevice.cpp">
      <Filter>Source Files</Filter>
    </ClCompile>
    <ClCompile Include="..\src\WoglFileHandleStream.cpp">
      <Filter>Source Files</Filter>
    </ClCompile>
    <ClCompile Include="..\src\GlfwApplication.cpp">
      <Filter>Source Files</Filter>
    </ClCompile>
    <ClCompile Include="..\src\GlfwGraphics.cpp">
      <Filter>Source Files</Filter>
    </ClCompile>
    <ClCompile Include="..\src\GlfwInput.cpp">
      <Filter>Source Files</Filter>
    </ClCompile>
    <ClCompile Include="..\src\GlfwTimer.cpp">
      <Filter>Source Files</Filter>
    </ClCompile>
    <ClCompile Include="..\src\GlfwWaitCondition.cpp">
      <Filter>Source Files</Filter>
    </ClCompile>
    <ClCompile Include="..\src\GlfwThreading.cpp">
      <Filter>Source Files</Filter>
    </ClCompile>
    <ClCompile Include="..\src\GlfwThread.cpp">
      <Filter>Source Files</Filter>
    </ClCompile>
    <ClCompile Include="..\src\GlfwMutex.cpp">
      <Filter>Source Files</Filter>
    </ClCompile>
    <ClCompile Include="..\extern\glew.c">
      <Filter>extern</Filter>
    </ClCompile>
    <ClCompile Include="..\src\WindowsFiles.cpp">
      <Filter>Source Files</Filter>
    </ClCompile>
  </ItemGroup>
  <ItemGroup>
    <ClInclude Include="..\incl\stdafx.h">
      <Filter>incl</Filter>
    </ClInclude>
    <ClInclude Include="..\incl\targetver.h">
      <Filter>incl</Filter>
    </ClInclude>
    <ClInclude Include="..\exp\WindowsAudio.h">
      <Filter>Include</Filter>
    </ClInclude>
    <ClInclude Include="..\exp\WindowsAudioDevice.h">
      <Filter>Include</Filter>
    </ClInclude>
    <ClInclude Include="..\exp\WoglFileHandleStream.h">
      <Filter>Include</Filter>
    </ClInclude>
    <ClInclude Include="..\exp\WoglGLCommon.h">
      <Filter>Include</Filter>
    </ClInclude>
    <ClInclude Include="..\exp\GlfwApplication.h">
      <Filter>Include</Filter>
    </ClInclude>
    <ClInclude Include="..\exp\GlfwGraphics.h">
      <Filter>Include</Filter>
    </ClInclude>
    <ClInclude Include="..\exp\GlfwInput.h">
      <Filter>Include</Filter>
    </ClInclude>
    <ClInclude Include="..\exp\GlfwTimer.h">
      <Filter>Include</Filter>
    </ClInclude>
    <ClInclude Include="..\exp\GlfwWaitCondition.h">
      <Filter>Include</Filter>
    </ClInclude>
    <ClInclude Include="..\exp\GlfwMutex.h">
      <Filter>Include</Filter>
    </ClInclude>
    <ClInclude Include="..\exp\GlfwThread.h">
      <Filter>Include</Filter>
    </ClInclude>
    <ClInclude Include="..\exp\GlfwThreading.h">
      <Filter>Include</Filter>
    </ClInclude>
    <ClInclude Include="..\exp\WindowsFiles.h">
      <Filter>Include</Filter>
    </ClInclude>
  </ItemGroup>
</Project>