// !$*UTF8*$!
{
	archiveVersion = 1;
	classes = {
	};
	objectVersion = 46;
	objects = {

/* Begin PBXBuildFile section */
		1714A6BC1544690800EBA48A /* Foundation.framework in Frameworks */ = {isa = PBXBuildFile; fileRef = 1714A6BB1544690800EBA48A /* Foundation.framework */; };
		17A3457415546FE600FE8089 /* IOSInput.cpp in Sources */ = {isa = PBXBuildFile; fileRef = 17A3457315546FE600FE8089 /* IOSInput.cpp */; };
		17A345771554700000FE8089 /* IOSInput.h in Headers */ = {isa = PBXBuildFile; fileRef = 17A345761554700000FE8089 /* IOSInput.h */; };
		17D229971544B6DB006E19D0 /* IOSFiles.cpp in Sources */ = {isa = PBXBuildFile; fileRef = 17D229961544B6DB006E19D0 /* IOSFiles.cpp */; };
		17D2299A1544B6E5006E19D0 /* IOSFiles.h in Headers */ = {isa = PBXBuildFile; fileRef = 17D229991544B6E5006E19D0 /* IOSFiles.h */; };
		17F398A31544A74B003B5812 /* backend-ios-Prefix.pch in Headers */ = {isa = PBXBuildFile; fileRef = 17F3989C1544A74B003B5812 /* backend-ios-Prefix.pch */; };
		17F398A51544A74B003B5812 /* GLView.h in Headers */ = {isa = PBXBuildFile; fileRef = 17F3989E1544A74B003B5812 /* GLView.h */; };
		17F398A61544A74B003B5812 /* IOSApplication.h in Headers */ = {isa = PBXBuildFile; fileRef = 17F3989F1544A74B003B5812 /* IOSApplication.h */; };
		17F398A71544A74B003B5812 /* IOSApplicationConfiguration.h in Headers */ = {isa = PBXBuildFile; fileRef = 17F398A01544A74B003B5812 /* IOSApplicationConfiguration.h */; };
		17F398A81544A74B003B5812 /* IOSGraphics.h in Headers */ = {isa = PBXBuildFile; fileRef = 17F398A11544A74B003B5812 /* IOSGraphics.h */; };
		17F398A91544A74B003B5812 /* IOSTimer.h in Headers */ = {isa = PBXBuildFile; fileRef = 17F398A21544A74B003B5812 /* IOSTimer.h */; };
		17F398B21544A756003B5812 /* GLView.mm in Sources */ = {isa = PBXBuildFile; fileRef = 17F398AC1544A756003B5812 /* GLView.mm */; };
		17F398B31544A756003B5812 /* IOSApplication.cpp in Sources */ = {isa = PBXBuildFile; fileRef = 17F398AD1544A756003B5812 /* IOSApplication.cpp */; };
		17F398B41544A756003B5812 /* IOSApplicationConfiguration.cpp in Sources */ = {isa = PBXBuildFile; fileRef = 17F398AE1544A756003B5812 /* IOSApplicationConfiguration.cpp */; };
		17F398B51544A756003B5812 /* IOSGraphics.cpp in Sources */ = {isa = PBXBuildFile; fileRef = 17F398AF1544A756003B5812 /* IOSGraphics.cpp */; };
		17F398B61544A756003B5812 /* IOSTimer.cpp in Sources */ = {isa = PBXBuildFile; fileRef = 17F398B01544A756003B5812 /* IOSTimer.cpp */; };
/* End PBXBuildFile section */

/* Begin PBXFileReference section */
		1714A6B81544690800EBA48A /* libbackend-ios.a */ = {isa = PBXFileReference; explicitFileType = archive.ar; includeInIndex = 0; path = "libbackend-ios.a"; sourceTree = BUILT_PRODUCTS_DIR; };
		1714A6BB1544690800EBA48A /* Foundation.framework */ = {isa = PBXFileReference; lastKnownFileType = wrapper.framework; name = Foundation.framework; path = System/Library/Frameworks/Foundation.framework; sourceTree = SDKROOT; };
		17A3457315546FE600FE8089 /* IOSInput.cpp */ = {isa = PBXFileReference; fileEncoding = 4; lastKnownFileType = sourcecode.cpp.cpp; path = IOSInput.cpp; sourceTree = "<group>"; };
		17A345761554700000FE8089 /* IOSInput.h */ = {isa = PBXFileReference; fileEncoding = 4; lastKnownFileType = sourcecode.c.h; path = IOSInput.h; sourceTree = "<group>"; };
		17D229961544B6DB006E19D0 /* IOSFiles.cpp */ = {isa = PBXFileReference; fileEncoding = 4; lastKnownFileType = sourcecode.cpp.cpp; path = IOSFiles.cpp; sourceTree = "<group>"; };
		17D229991544B6E5006E19D0 /* IOSFiles.h */ = {isa = PBXFileReference; fileEncoding = 4; lastKnownFileType = sourcecode.c.h; path = IOSFiles.h; sourceTree = "<group>"; };
		17F3989C1544A74B003B5812 /* backend-ios-Prefix.pch */ = {isa = PBXFileReference; fileEncoding = 4; lastKnownFileType = sourcecode.c.h; name = "backend-ios-Prefix.pch"; path = "../incl/backend-ios-Prefix.pch"; sourceTree = "<group>"; };
		17F3989E1544A74B003B5812 /* GLView.h */ = {isa = PBXFileReference; fileEncoding = 4; lastKnownFileType = sourcecode.c.h; path = GLView.h; sourceTree = "<group>"; };
		17F3989F1544A74B003B5812 /* IOSApplication.h */ = {isa = PBXFileReference; fileEncoding = 4; lastKnownFileType = sourcecode.c.h; path = IOSApplication.h; sourceTree = "<group>"; };
		17F398A01544A74B003B5812 /* IOSApplicationConfiguration.h */ = {isa = PBXFileReference; fileEncoding = 4; lastKnownFileType = sourcecode.c.h; path = IOSApplicationConfiguration.h; sourceTree = "<group>"; };
		17F398A11544A74B003B5812 /* IOSGraphics.h */ = {isa = PBXFileReference; fileEncoding = 4; lastKnownFileType = sourcecode.c.h; path = IOSGraphics.h; sourceTree = "<group>"; };
		17F398A21544A74B003B5812 /* IOSTimer.h */ = {isa = PBXFileReference; fileEncoding = 4; lastKnownFileType = sourcecode.c.h; path = IOSTimer.h; sourceTree = "<group>"; };
		17F398AC1544A756003B5812 /* GLView.mm */ = {isa = PBXFileReference; fileEncoding = 4; lastKnownFileType = sourcecode.cpp.objcpp; path = GLView.mm; sourceTree = "<group>"; };
		17F398AD1544A756003B5812 /* IOSApplication.cpp */ = {isa = PBXFileReference; fileEncoding = 4; lastKnownFileType = sourcecode.cpp.cpp; path = IOSApplication.cpp; sourceTree = "<group>"; };
		17F398AE1544A756003B5812 /* IOSApplicationConfiguration.cpp */ = {isa = PBXFileReference; fileEncoding = 4; lastKnownFileType = sourcecode.cpp.cpp; path = IOSApplicationConfiguration.cpp; sourceTree = "<group>"; };
		17F398AF1544A756003B5812 /* IOSGraphics.cpp */ = {isa = PBXFileReference; fileEncoding = 4; lastKnownFileType = sourcecode.cpp.cpp; path = IOSGraphics.cpp; sourceTree = "<group>"; };
		17F398B01544A756003B5812 /* IOSTimer.cpp */ = {isa = PBXFileReference; fileEncoding = 4; lastKnownFileType = sourcecode.cpp.cpp; path = IOSTimer.cpp; sourceTree = "<group>"; };
/* End PBXFileReference section */

/* Begin PBXFrameworksBuildPhase section */
		1714A6B51544690800EBA48A /* Frameworks */ = {
			isa = PBXFrameworksBuildPhase;
			buildActionMask = 2147483647;
			files = (
				1714A6BC1544690800EBA48A /* Foundation.framework in Frameworks */,
			);
			runOnlyForDeploymentPostprocessing = 0;
		};
/* End PBXFrameworksBuildPhase section */

/* Begin PBXGroup section */
		1714A6AD1544690800EBA48A = {
			isa = PBXGroup;
			children = (
				17F398AA1544A756003B5812 /* src */,
				17F3989B1544A74B003B5812 /* incl */,
				1714A6BE1544690800EBA48A /* Supporting Files */,
				1714A6BA1544690800EBA48A /* Frameworks */,
				1714A6B91544690800EBA48A /* Products */,
			);
			sourceTree = "<group>";
		};
		1714A6B91544690800EBA48A /* Products */ = {
			isa = PBXGroup;
			children = (
				1714A6B81544690800EBA48A /* libbackend-ios.a */,
			);
			name = Products;
			sourceTree = "<group>";
		};
		1714A6BA1544690800EBA48A /* Frameworks */ = {
			isa = PBXGroup;
			children = (
				1714A6BB1544690800EBA48A /* Foundation.framework */,
			);
			name = Frameworks;
			sourceTree = "<group>";
		};
		1714A6BE1544690800EBA48A /* Supporting Files */ = {
			isa = PBXGroup;
			children = (
				17F3989C1544A74B003B5812 /* backend-ios-Prefix.pch */,
			);
			name = "Supporting Files";
			path = "backend-ios";
			sourceTree = "<group>";
		};
		17F3989B1544A74B003B5812 /* incl */ = {
			isa = PBXGroup;
			children = (
				17A345761554700000FE8089 /* IOSInput.h */,
				17D229991544B6E5006E19D0 /* IOSFiles.h */,
				17F3989E1544A74B003B5812 /* GLView.h */,
				17F3989F1544A74B003B5812 /* IOSApplication.h */,
				17F398A01544A74B003B5812 /* IOSApplicationConfiguration.h */,
				17F398A11544A74B003B5812 /* IOSGraphics.h */,
				17F398A21544A74B003B5812 /* IOSTimer.h */,
			);
			name = incl;
			path = ../incl;
			sourceTree = "<group>";
		};
		17F398AA1544A756003B5812 /* src */ = {
			isa = PBXGroup;
			children = (
				17A3457315546FE600FE8089 /* IOSInput.cpp */,
				17D229961544B6DB006E19D0 /* IOSFiles.cpp */,
				17F398AC1544A756003B5812 /* GLView.mm */,
				17F398AD1544A756003B5812 /* IOSApplication.cpp */,
				17F398AE1544A756003B5812 /* IOSApplicationConfiguration.cpp */,
				17F398AF1544A756003B5812 /* IOSGraphics.cpp */,
				17F398B01544A756003B5812 /* IOSTimer.cpp */,
			);
			name = src;
			path = ../src;
			sourceTree = "<group>";
		};
/* End PBXGroup section */

/* Begin PBXHeadersBuildPhase section */
		1714A6B61544690800EBA48A /* Headers */ = {
			isa = PBXHeadersBuildPhase;
			buildActionMask = 2147483647;
			files = (
				17F398A31544A74B003B5812 /* backend-ios-Prefix.pch in Headers */,
				17F398A51544A74B003B5812 /* GLView.h in Headers */,
				17F398A61544A74B003B5812 /* IOSApplication.h in Headers */,
				17F398A71544A74B003B5812 /* IOSApplicationConfiguration.h in Headers */,
				17F398A81544A74B003B5812 /* IOSGraphics.h in Headers */,
				17F398A91544A74B003B5812 /* IOSTimer.h in Headers */,
				17D2299A1544B6E5006E19D0 /* IOSFiles.h in Headers */,
				17A345771554700000FE8089 /* IOSInput.h in Headers */,
			);
			runOnlyForDeploymentPostprocessing = 0;
		};
/* End PBXHeadersBuildPhase section */

/* Begin PBXNativeTarget section */
		1714A6B71544690800EBA48A /* backend-ios */ = {
			isa = PBXNativeTarget;
			buildConfigurationList = 1714A6C51544690800EBA48A /* Build configuration list for PBXNativeTarget "backend-ios" */;
			buildPhases = (
				1714A6B41544690800EBA48A /* Sources */,
				1714A6B51544690800EBA48A /* Frameworks */,
				1714A6B61544690800EBA48A /* Headers */,
			);
			buildRules = (
			);
			dependencies = (
			);
			name = "backend-ios";
			productName = "backend-ios";
			productReference = 1714A6B81544690800EBA48A /* libbackend-ios.a */;
			productType = "com.apple.product-type.library.static";
		};
/* End PBXNativeTarget section */

/* Begin PBXProject section */
		1714A6AF1544690800EBA48A /* Project object */ = {
			isa = PBXProject;
			attributes = {
				LastUpgradeCheck = 0430;
				ORGANIZATIONNAME = Home;
			};
			buildConfigurationList = 1714A6B21544690800EBA48A /* Build configuration list for PBXProject "backend-ios" */;
			compatibilityVersion = "Xcode 3.2";
			developmentRegion = English;
			hasScannedForEncodings = 0;
			knownRegions = (
				en,
			);
			mainGroup = 1714A6AD1544690800EBA48A;
			productRefGroup = 1714A6B91544690800EBA48A /* Products */;
			projectDirPath = "";
			projectRoot = "";
			targets = (
				1714A6B71544690800EBA48A /* backend-ios */,
			);
		};
/* End PBXProject section */

/* Begin PBXSourcesBuildPhase section */
		1714A6B41544690800EBA48A /* Sources */ = {
			isa = PBXSourcesBuildPhase;
			buildActionMask = 2147483647;
			files = (
				17F398B21544A756003B5812 /* GLView.mm in Sources */,
				17F398B31544A756003B5812 /* IOSApplication.cpp in Sources */,
				17F398B41544A756003B5812 /* IOSApplicationConfiguration.cpp in Sources */,
				17F398B51544A756003B5812 /* IOSGraphics.cpp in Sources */,
				17F398B61544A756003B5812 /* IOSTimer.cpp in Sources */,
				17D229971544B6DB006E19D0 /* IOSFiles.cpp in Sources */,
				17A3457415546FE600FE8089 /* IOSInput.cpp in Sources */,
			);
			runOnlyForDeploymentPostprocessing = 0;
		};
/* End PBXSourcesBuildPhase section */

/* Begin XCBuildConfiguration section */
		1714A6C31544690800EBA48A /* Debug */ = {
			isa = XCBuildConfiguration;
			buildSettings = {
				ALWAYS_SEARCH_USER_PATHS = NO;
				ARCHS = "$(ARCHS_STANDARD_32_BIT)";
				COPY_PHASE_STRIP = NO;
				GCC_C_LANGUAGE_STANDARD = gnu99;
				GCC_DYNAMIC_NO_PIC = NO;
				GCC_OPTIMIZATION_LEVEL = 0;
				GCC_PREPROCESSOR_DEFINITIONS = (
					"DEBUG=1",
					"$(inherited)",
				);
				GCC_SYMBOLS_PRIVATE_EXTERN = NO;
				GCC_VERSION = com.apple.compilers.llvm.clang.1_0;
				GCC_WARN_ABOUT_MISSING_PROTOTYPES = YES;
				GCC_WARN_ABOUT_RETURN_TYPE = YES;
				GCC_WARN_UNUSED_VARIABLE = YES;
				IPHONEOS_DEPLOYMENT_TARGET = 5.0;
				SDKROOT = iphoneos;
			};
			name = Debug;
		};
		1714A6C41544690800EBA48A /* Release */ = {
			isa = XCBuildConfiguration;
			buildSettings = {
				ALWAYS_SEARCH_USER_PATHS = NO;
				ARCHS = "$(ARCHS_STANDARD_32_BIT)";
				COPY_PHASE_STRIP = YES;
				GCC_C_LANGUAGE_STANDARD = gnu99;
				GCC_VERSION = com.apple.compilers.llvm.clang.1_0;
				GCC_WARN_ABOUT_MISSING_PROTOTYPES = YES;
				GCC_WARN_ABOUT_RETURN_TYPE = YES;
				GCC_WARN_UNUSED_VARIABLE = YES;
				IPHONEOS_DEPLOYMENT_TARGET = 5.0;
				SDKROOT = iphoneos;
				VALIDATE_PRODUCT = YES;
			};
			name = Release;
		};
		1714A6C61544690800EBA48A /* Debug */ = {
			isa = XCBuildConfiguration;
			buildSettings = {
				DSTROOT = /tmp/backend_ios.dst;
				GCC_PRECOMPILE_PREFIX_HEADER = YES;
				GCC_PREFIX_HEADER = "../incl/backend-ios-Prefix.pch";
				HEADER_SEARCH_PATHS = ../../../gdx/include;
				OTHER_LDFLAGS = "-ObjC";
				PRODUCT_NAME = "$(TARGET_NAME)";
				SKIP_INSTALL = YES;
			};
			name = Debug;
		};
		1714A6C71544690800EBA48A /* Release */ = {
			isa = XCBuildConfiguration;
			buildSettings = {
				DSTROOT = /tmp/backend_ios.dst;
				GCC_PRECOMPILE_PREFIX_HEADER = YES;
				GCC_PREFIX_HEADER = "../incl/backend-ios-Prefix.pch";
				HEADER_SEARCH_PATHS = ../../../gdx/include;
				OTHER_LDFLAGS = "-ObjC";
				PRODUCT_NAME = "$(TARGET_NAME)";
				SKIP_INSTALL = YES;
			};
			name = Release;
		};
/* End XCBuildConfiguration section */

/* Begin XCConfigurationList section */
		1714A6B21544690800EBA48A /* Build configuration list for PBXProject "backend-ios" */ = {
			isa = XCConfigurationList;
			buildConfigurations = (
				1714A6C31544690800EBA48A /* Debug */,
				1714A6C41544690800EBA48A /* Release */,
			);
			defaultConfigurationIsVisible = 0;
			defaultConfigurationName = Release;
		};
		1714A6C51544690800EBA48A /* Build configuration list for PBXNativeTarget "backend-ios" */ = {
			isa = XCConfigurationList;
			buildConfigurations = (
				1714A6C61544690800EBA48A /* Debug */,
				1714A6C71544690800EBA48A /* Release */,
			);
			defaultConfigurationIsVisible = 0;
			defaultConfigurationName = Release;
		};
/* End XCConfigurationList section */
	};
	rootObject = 1714A6AF1544690800EBA48A /* Project object */;
}
