
Microsoft Visual Studio Solution File, Format Version 11.00
# Visual Studio 2010
Project("{8BC9CEB8-8B4A-11D0-8D11-00A0C91BC942}") = "gdx", "..\gdx\proj\gdx.vcxproj", "{DBD14494-A5F4-4726-9E52-1635E8479C3A}"
EndProject
Project("{8BC9CEB8-8B4A-11D0-8D11-00A0C91BC942}") = "gdx-helloworld", "..\demos\helloworld\gdx-helloworld\proj\gdx-helloworld.vcxproj", "{5F98F554-FE91-48C6-A452-FE7A6ED92F8F}"
	ProjectSection(ProjectDependencies) = postProject
		{DBD14494-A5F4-4726-9E52-1635E8479C3A} = {DBD14494-A5F4-4726-9E52-1635E8479C3A}
		{27EBB0C6-84CB-4FC2-8B0E-9F729966B979} = {27EBB0C6-84CB-4FC2-8B0E-9F729966B979}
	EndProjectSection
EndProject
Project("{8BC9CEB8-8B4A-11D0-8D11-00A0C91BC942}") = "gdx-backend-wogl", "..\backends\gdx-backend-wogl\proj\gdx-backend-wogl.vcxproj", "{27EBB0C6-84CB-4FC2-8B0E-9F729966B979}"
	ProjectSection(ProjectDependencies) = postProject
		{DBD14494-A5F4-4726-9E52-1635E8479C3A} = {DBD14494-A5F4-4726-9E52-1635E8479C3A}
	EndProjectSection
EndProject
Project("{8BC9CEB8-8B4A-11D0-8D11-00A0C91BC942}") = "gdx-tests-win", "..\tests\gdx-tests-win\proj\gdx-tests-win.vcxproj", "{B6AF2F3B-0A4A-4CC2-A69F-E56D13678083}"
	ProjectSection(ProjectDependencies) = postProject
		{61B8C145-B580-4A77-A62D-D6F53C8F4DC3} = {61B8C145-B580-4A77-A62D-D6F53C8F4DC3}
	EndProjectSection
EndProject
Project("{8BC9CEB8-8B4A-11D0-8D11-00A0C91BC942}") = "gdx-tests", "..\tests\gdx-tests\proj\gdx-tests.vcxproj", "{61B8C145-B580-4A77-A62D-D6F53C8F4DC3}"
	ProjectSection(ProjectDependencies) = postProject
		{43E30B47-63FB-4009-9F8F-EBE856D844A3} = {43E30B47-63FB-4009-9F8F-EBE856D844A3}
		{DBD14494-A5F4-4726-9E52-1635E8479C3A} = {DBD14494-A5F4-4726-9E52-1635E8479C3A}
		{27EBB0C6-84CB-4FC2-8B0E-9F729966B979} = {27EBB0C6-84CB-4FC2-8B0E-9F729966B979}
	EndProjectSection
EndProject
Project("{8BC9CEB8-8B4A-11D0-8D11-00A0C91BC942}") = "gdx-audio", "..\gdx-audio\proj\gdx-audio.vcxproj", "{43E30B47-63FB-4009-9F8F-EBE856D844A3}"
	ProjectSection(ProjectDependencies) = postProject
		{DBD14494-A5F4-4726-9E52-1635E8479C3A} = {DBD14494-A5F4-4726-9E52-1635E8479C3A}
	EndProjectSection
EndProject
Project("{8BC9CEB8-8B4A-11D0-8D11-00A0C91BC942}") = "superjumper", "..\demos\superjumper\proj\superjumper.vcxproj", "{65CB8279-2F18-427E-AB62-C263F0C3CE38}"
EndProject
Project("{8BC9CEB8-8B4A-11D0-8D11-00A0C91BC942}") = "GdxInvaders", "..\demos\GdxInvaders\proj\GdxInvaders.vcxproj", "{10804F9E-4D8A-493B-8160-9AAA1BAF2386}"
	ProjectSection(ProjectDependencies) = postProject
		{43E30B47-63FB-4009-9F8F-EBE856D844A3} = {43E30B47-63FB-4009-9F8F-EBE856D844A3}
		{DBD14494-A5F4-4726-9E52-1635E8479C3A} = {DBD14494-A5F4-4726-9E52-1635E8479C3A}
		{27EBB0C6-84CB-4FC2-8B0E-9F729966B979} = {27EBB0C6-84CB-4FC2-8B0E-9F729966B979}
	EndProjectSection
EndProject
Project("{8BC9CEB8-8B4A-11D0-8D11-00A0C91BC942}") = "Metagun", "..\demos\Metagun\proj\Metagun.vcxproj", "{3ADD35C1-8D55-4563-A5B2-0E1FEAA2DBBD}"
	ProjectSection(ProjectDependencies) = postProject
		{43E30B47-63FB-4009-9F8F-EBE856D844A3} = {43E30B47-63FB-4009-9F8F-EBE856D844A3}
		{DBD14494-A5F4-4726-9E52-1635E8479C3A} = {DBD14494-A5F4-4726-9E52-1635E8479C3A}
		{27EBB0C6-84CB-4FC2-8B0E-9F729966B979} = {27EBB0C6-84CB-4FC2-8B0E-9F729966B979}
	EndProjectSection
EndProject
Project("{8BC9CEB8-8B4A-11D0-8D11-00A0C91BC942}") = "backend-glfw", "..\backends\backend-glfw\proj\backend-glfw.vcxproj", "{BA63C10D-D033-4C88-97D2-54063BA289FD}"
EndProject
Global
	GlobalSection(SolutionConfigurationPlatforms) = preSolution
		Debug|Win32 = Debug|Win32
		Debug|x64 = Debug|x64
		Release|Win32 = Release|Win32
		Release|x64 = Release|x64
	EndGlobalSection
	GlobalSection(ProjectConfigurationPlatforms) = postSolution
		{DBD14494-A5F4-4726-9E52-1635E8479C3A}.Debug|Win32.ActiveCfg = Debug|Win32
		{DBD14494-A5F4-4726-9E52-1635E8479C3A}.Debug|Win32.Build.0 = Debug|Win32
		{DBD14494-A5F4-4726-9E52-1635E8479C3A}.Debug|x64.ActiveCfg = Debug|x64
		{DBD14494-A5F4-4726-9E52-1635E8479C3A}.Debug|x64.Build.0 = Debug|x64
		{DBD14494-A5F4-4726-9E52-1635E8479C3A}.Release|Win32.ActiveCfg = Release|Win32
		{DBD14494-A5F4-4726-9E52-1635E8479C3A}.Release|Win32.Build.0 = Release|Win32
		{DBD14494-A5F4-4726-9E52-1635E8479C3A}.Release|x64.ActiveCfg = Release|x64
		{DBD14494-A5F4-4726-9E52-1635E8479C3A}.Release|x64.Build.0 = Release|x64
		{5F98F554-FE91-48C6-A452-FE7A6ED92F8F}.Debug|Win32.ActiveCfg = Debug|Win32
		{5F98F554-FE91-48C6-A452-FE7A6ED92F8F}.Debug|Win32.Build.0 = Debug|Win32
		{5F98F554-FE91-48C6-A452-FE7A6ED92F8F}.Debug|x64.ActiveCfg = Debug|x64
		{5F98F554-FE91-48C6-A452-FE7A6ED92F8F}.Debug|x64.Build.0 = Debug|x64
		{5F98F554-FE91-48C6-A452-FE7A6ED92F8F}.Release|Win32.ActiveCfg = Release|Win32
		{5F98F554-FE91-48C6-A452-FE7A6ED92F8F}.Release|Win32.Build.0 = Release|Win32
		{5F98F554-FE91-48C6-A452-FE7A6ED92F8F}.Release|x64.ActiveCfg = Release|x64
		{5F98F554-FE91-48C6-A452-FE7A6ED92F8F}.Release|x64.Build.0 = Release|x64
		{27EBB0C6-84CB-4FC2-8B0E-9F729966B979}.Debug|Win32.ActiveCfg = Debug|Win32
		{27EBB0C6-84CB-4FC2-8B0E-9F729966B979}.Debug|Win32.Build.0 = Debug|Win32
		{27EBB0C6-84CB-4FC2-8B0E-9F729966B979}.Debug|x64.ActiveCfg = Debug|Win32
		{27EBB0C6-84CB-4FC2-8B0E-9F729966B979}.Release|Win32.ActiveCfg = Release|Win32
		{27EBB0C6-84CB-4FC2-8B0E-9F729966B979}.Release|Win32.Build.0 = Release|Win32
		{27EBB0C6-84CB-4FC2-8B0E-9F729966B979}.Release|x64.ActiveCfg = Release|Win32
		{B6AF2F3B-0A4A-4CC2-A69F-E56D13678083}.Debug|Win32.ActiveCfg = Debug|Win32
		{B6AF2F3B-0A4A-4CC2-A69F-E56D13678083}.Debug|Win32.Build.0 = Debug|Win32
		{B6AF2F3B-0A4A-4CC2-A69F-E56D13678083}.Debug|x64.ActiveCfg = Debug|x64
		{B6AF2F3B-0A4A-4CC2-A69F-E56D13678083}.Debug|x64.Build.0 = Debug|x64
		{B6AF2F3B-0A4A-4CC2-A69F-E56D13678083}.Release|Win32.ActiveCfg = Release|Win32
		{B6AF2F3B-0A4A-4CC2-A69F-E56D13678083}.Release|Win32.Build.0 = Release|Win32
		{B6AF2F3B-0A4A-4CC2-A69F-E56D13678083}.Release|x64.ActiveCfg = Release|x64
		{B6AF2F3B-0A4A-4CC2-A69F-E56D13678083}.Release|x64.Build.0 = Release|x64
		{61B8C145-B580-4A77-A62D-D6F53C8F4DC3}.Debug|Win32.ActiveCfg = Debug|Win32
		{61B8C145-B580-4A77-A62D-D6F53C8F4DC3}.Debug|Win32.Build.0 = Debug|Win32
		{61B8C145-B580-4A77-A62D-D6F53C8F4DC3}.Debug|x64.ActiveCfg = Debug|x64
		{61B8C145-B580-4A77-A62D-D6F53C8F4DC3}.Debug|x64.Build.0 = Debug|x64
		{61B8C145-B580-4A77-A62D-D6F53C8F4DC3}.Release|Win32.ActiveCfg = Release|Win32
		{61B8C145-B580-4A77-A62D-D6F53C8F4DC3}.Release|Win32.Build.0 = Release|Win32
		{61B8C145-B580-4A77-A62D-D6F53C8F4DC3}.Release|x64.ActiveCfg = Release|x64
		{61B8C145-B580-4A77-A62D-D6F53C8F4DC3}.Release|x64.Build.0 = Release|x64
		{43E30B47-63FB-4009-9F8F-EBE856D844A3}.Debug|Win32.ActiveCfg = Debug|Win32
		{43E30B47-63FB-4009-9F8F-EBE856D844A3}.Debug|Win32.Build.0 = Debug|Win32
		{43E30B47-63FB-4009-9F8F-EBE856D844A3}.Debug|x64.ActiveCfg = Debug|x64
		{43E30B47-63FB-4009-9F8F-EBE856D844A3}.Debug|x64.Build.0 = Debug|x64
		{43E30B47-63FB-4009-9F8F-EBE856D844A3}.Release|Win32.ActiveCfg = Release|Win32
		{43E30B47-63FB-4009-9F8F-EBE856D844A3}.Release|Win32.Build.0 = Release|Win32
		{43E30B47-63FB-4009-9F8F-EBE856D844A3}.Release|x64.ActiveCfg = Release|x64
		{43E30B47-63FB-4009-9F8F-EBE856D844A3}.Release|x64.Build.0 = Release|x64
		{65CB8279-2F18-427E-AB62-C263F0C3CE38}.Debug|Win32.ActiveCfg = Debug|Win32
		{65CB8279-2F18-427E-AB62-C263F0C3CE38}.Debug|Win32.Build.0 = Debug|Win32
		{65CB8279-2F18-427E-AB62-C263F0C3CE38}.Debug|x64.ActiveCfg = Debug|x64
		{65CB8279-2F18-427E-AB62-C263F0C3CE38}.Debug|x64.Build.0 = Debug|x64
		{65CB8279-2F18-427E-AB62-C263F0C3CE38}.Release|Win32.ActiveCfg = Release|Win32
		{65CB8279-2F18-427E-AB62-C263F0C3CE38}.Release|Win32.Build.0 = Release|Win32
		{65CB8279-2F18-427E-AB62-C263F0C3CE38}.Release|x64.ActiveCfg = Release|x64
		{65CB8279-2F18-427E-AB62-C263F0C3CE38}.Release|x64.Build.0 = Release|x64
		{10804F9E-4D8A-493B-8160-9AAA1BAF2386}.Debug|Win32.ActiveCfg = Debug|Win32
		{10804F9E-4D8A-493B-8160-9AAA1BAF2386}.Debug|Win32.Build.0 = Debug|Win32
		{10804F9E-4D8A-493B-8160-9AAA1BAF2386}.Debug|x64.ActiveCfg = Debug|x64
		{10804F9E-4D8A-493B-8160-9AAA1BAF2386}.Debug|x64.Build.0 = Debug|x64
		{10804F9E-4D8A-493B-8160-9AAA1BAF2386}.Release|Win32.ActiveCfg = Release|Win32
		{10804F9E-4D8A-493B-8160-9AAA1BAF2386}.Release|Win32.Build.0 = Release|Win32
		{10804F9E-4D8A-493B-8160-9AAA1BAF2386}.Release|x64.ActiveCfg = Release|x64
		{10804F9E-4D8A-493B-8160-9AAA1BAF2386}.Release|x64.Build.0 = Release|x64
		{3ADD35C1-8D55-4563-A5B2-0E1FEAA2DBBD}.Debug|Win32.ActiveCfg = Debug|Win32
		{3ADD35C1-8D55-4563-A5B2-0E1FEAA2DBBD}.Debug|Win32.Build.0 = Debug|Win32
		{3ADD35C1-8D55-4563-A5B2-0E1FEAA2DBBD}.Debug|x64.ActiveCfg = Debug|x64
		{3ADD35C1-8D55-4563-A5B2-0E1FEAA2DBBD}.Debug|x64.Build.0 = Debug|x64
		{3ADD35C1-8D55-4563-A5B2-0E1FEAA2DBBD}.Release|Win32.ActiveCfg = Release|Win32
		{3ADD35C1-8D55-4563-A5B2-0E1FEAA2DBBD}.Release|Win32.Build.0 = Release|Win32
		{3ADD35C1-8D55-4563-A5B2-0E1FEAA2DBBD}.Release|x64.ActiveCfg = Release|x64
		{3ADD35C1-8D55-4563-A5B2-0E1FEAA2DBBD}.Release|x64.Build.0 = Release|x64
		{BA63C10D-D033-4C88-97D2-54063BA289FD}.Debug|Win32.ActiveCfg = Debug|Win32
		{BA63C10D-D033-4C88-97D2-54063BA289FD}.Debug|Win32.Build.0 = Debug|Win32
		{BA63C10D-D033-4C88-97D2-54063BA289FD}.Debug|x64.ActiveCfg = Debug|x64
		{BA63C10D-D033-4C88-97D2-54063BA289FD}.Debug|x64.Build.0 = Debug|x64
		{BA63C10D-D033-4C88-97D2-54063BA289FD}.Release|Win32.ActiveCfg = Release|Win32
		{BA63C10D-D033-4C88-97D2-54063BA289FD}.Release|Win32.Build.0 = Release|Win32
		{BA63C10D-D033-4C88-97D2-54063BA289FD}.Release|x64.ActiveCfg = Release|x64
		{BA63C10D-D033-4C88-97D2-54063BA289FD}.Release|x64.Build.0 = Release|x64
	EndGlobalSection
	GlobalSection(SolutionProperties) = preSolution
		HideSolutionNode = FALSE
	EndGlobalSection
EndGlobal
