// !$*UTF8*$!
{
	archiveVersion = 1;
	classes = {
	};
	objectVersion = 46;
	objects = {

/* Begin PBXFileReference section */
		1772CA8B1520F4A300330DB0 /* libgdx.a */ = {isa = PBXFileReference; explicitFileType = archive.ar; includeInIndex = 0; path = libgdx.a; sourceTree = BUILT_PRODUCTS_DIR; };
/* End PBXFileReference section */

/* Begin PBXFrameworksBuildPhase section */
		1772CA881520F4A300330DB0 /* Frameworks */ = {
			isa = PBXFrameworksBuildPhase;
			buildActionMask = 2147483647;
			files = (
			);
			runOnlyForDeploymentPostprocessing = 0;
		};
/* End PBXFrameworksBuildPhase section */

/* Begin PBXGroup section */
		1772CA801520F4A300330DB0 = {
			isa = PBXGroup;
			children = (
				1772CA8C1520F4A300330DB0 /* Products */,
			);
			sourceTree = "<group>";
		};
		1772CA8C1520F4A300330DB0 /* Products */ = {
			isa = PBXGroup;
			children = (
				1772CA8B1520F4A300330DB0 /* libgdx.a */,
			);
			name = Products;
			sourceTree = "<group>";
		};
/* End PBXGroup section */

/* Begin PBXHeadersBuildPhase section */
		1772CA891520F4A300330DB0 /* Headers */ = {
			isa = PBXHeadersBuildPhase;
			buildActionMask = 2147483647;
			files = (
			);
			runOnlyForDeploymentPostprocessing = 0;
		};
/* End PBXHeadersBuildPhase section */

/* Begin PBXNativeTarget section */
		1772CA8A1520F4A300330DB0 /* gdx */ = {
			isa = PBXNativeTarget;
			buildConfigurationList = 1772CA8F1520F4A300330DB0 /* Build configuration list for PBXNativeTarget "gdx" */;
			buildPhases = (
				1772CA871520F4A300330DB0 /* Sources */,
				1772CA881520F4A300330DB0 /* Frameworks */,
				1772CA891520F4A300330DB0 /* Headers */,
			);
			buildRules = (
			);
			dependencies = (
			);
			name = gdx;
			productName = gdx;
			productReference = 1772CA8B1520F4A300330DB0 /* libgdx.a */;
			productType = "com.apple.product-type.library.static";
		};
/* End PBXNativeTarget section */

/* Begin PBXProject section */
		1772CA821520F4A300330DB0 /* Project object */ = {
			isa = PBXProject;
			attributes = {
				LastUpgradeCheck = 0420;
				ORGANIZATIONNAME = Home;
			};
			buildConfigurationList = 1772CA851520F4A300330DB0 /* Build configuration list for PBXProject "gdx" */;
			compatibilityVersion = "Xcode 3.2";
			developmentRegion = English;
			hasScannedForEncodings = 0;
			knownRegions = (
				en,
			);
			mainGroup = 1772CA801520F4A300330DB0;
			productRefGroup = 1772CA8C1520F4A300330DB0 /* Products */;
			projectDirPath = "";
			projectRoot = "";
			targets = (
				1772CA8A1520F4A300330DB0 /* gdx */,
			);
		};
/* End PBXProject section */

/* Begin PBXSourcesBuildPhase section */
		1772CA871520F4A300330DB0 /* Sources */ = {
			isa = PBXSourcesBuildPhase;
			buildActionMask = 2147483647;
			files = (
			);
			runOnlyForDeploymentPostprocessing = 0;
		};
/* End PBXSourcesBuildPhase section */

/* Begin XCBuildConfiguration section */
		1772CA8D1520F4A300330DB0 /* Debug */ = {
			isa = XCBuildConfiguration;
			buildSettings = {
				ALWAYS_SEARCH_USER_PATHS = NO;
				ARCHS = "$(ARCHS_STANDARD_64_BIT)";
				COPY_PHASE_STRIP = NO;
				GCC_C_LANGUAGE_STANDARD = gnu99;
				GCC_DYNAMIC_NO_PIC = NO;
				GCC_ENABLE_OBJC_EXCEPTIONS = YES;
				GCC_OPTIMIZATION_LEVEL = 0;
				GCC_PREPROCESSOR_DEFINITIONS = (
					"DEBUG=1",
					"$(inherited)",
				);
				GCC_SYMBOLS_PRIVATE_EXTERN = NO;
				GCC_VERSION = com.apple.compilers.llvm.clang.1_0;
				GCC_WARN_64_TO_32_BIT_CONVERSION = YES;
				GCC_WARN_ABOUT_MISSING_PROTOTYPES = YES;
				GCC_WARN_ABOUT_RETURN_TYPE = YES;
				GCC_WARN_UNUSED_VARIABLE = YES;
				MACOSX_DEPLOYMENT_TARGET = 10.7;
				ONLY_ACTIVE_ARCH = YES;
				SDKROOT = macosx;
			};
			name = Debug;
		};
		1772CA8E1520F4A300330DB0 /* Release */ = {
			isa = XCBuildConfiguration;
			buildSettings = {
				ALWAYS_SEARCH_USER_PATHS = NO;
				ARCHS = "$(ARCHS_STANDARD_64_BIT)";
				COPY_PHASE_STRIP = YES;
				DEBUG_INFORMATION_FORMAT = "dwarf-with-dsym";
				GCC_C_LANGUAGE_STANDARD = gnu99;
				GCC_ENABLE_OBJC_EXCEPTIONS = YES;
				GCC_VERSION = com.apple.compilers.llvm.clang.1_0;
				GCC_WARN_64_TO_32_BIT_CONVERSION = YES;
				GCC_WARN_ABOUT_MISSING_PROTOTYPES = YES;
				GCC_WARN_ABOUT_RETURN_TYPE = YES;
				GCC_WARN_UNUSED_VARIABLE = YES;
				MACOSX_DEPLOYMENT_TARGET = 10.7;
				SDKROOT = macosx;
			};
			name = Release;
		};
		1772CA901520F4A300330DB0 /* Debug */ = {
			isa = XCBuildConfiguration;
			buildSettings = {
				EXECUTABLE_PREFIX = lib;
				PRODUCT_NAME = "$(TARGET_NAME)";
			};
			name = Debug;
		};
		1772CA911520F4A300330DB0 /* Release */ = {
			isa = XCBuildConfiguration;
			buildSettings = {
				EXECUTABLE_PREFIX = lib;
				PRODUCT_NAME = "$(TARGET_NAME)";
			};
			name = Release;
		};
/* End XCBuildConfiguration section */

/* Begin XCConfigurationList section */
		1772CA851520F4A300330DB0 /* Build configuration list for PBXProject "gdx" */ = {
			isa = XCConfigurationList;
			buildConfigurations = (
				1772CA8D1520F4A300330DB0 /* Debug */,
				1772CA8E1520F4A300330DB0 /* Release */,
			);
			defaultConfigurationIsVisible = 0;
			defaultConfigurationName = Release;
		};
		1772CA8F1520F4A300330DB0 /* Build configuration list for PBXNativeTarget "gdx" */ = {
			isa = XCConfigurationList;
			buildConfigurations = (
				1772CA901520F4A300330DB0 /* Debug */,
				1772CA911520F4A300330DB0 /* Release */,
			);
			defaultConfigurationIsVisible = 0;
		};
/* End XCConfigurationList section */
	};
	rootObject = 1772CA821520F4A300330DB0 /* Project object */;
}
