// !$*UTF8*$!
{
	archiveVersion = 1;
	classes = {
	};
	objectVersion = 46;
	objects = {

/* Begin PBXBuildFile section */
		1750FB55153E08A9005A9525 /* UIKit.framework in Frameworks */ = {isa = PBXBuildFile; fileRef = 1750FB54153E08A9005A9525 /* UIKit.framework */; };
		1750FB57153E08A9005A9525 /* Foundation.framework in Frameworks */ = {isa = PBXBuildFile; fileRef = 1750FB56153E08A9005A9525 /* Foundation.framework */; };
		1750FB59153E08A9005A9525 /* CoreGraphics.framework in Frameworks */ = {isa = PBXBuildFile; fileRef = 1750FB58153E08A9005A9525 /* CoreGraphics.framework */; };
		1750FB5B153E08A9005A9525 /* GLKit.framework in Frameworks */ = {isa = PBXBuildFile; fileRef = 1750FB5A153E08A9005A9525 /* GLKit.framework */; };
		1750FB5D153E08A9005A9525 /* OpenGLES.framework in Frameworks */ = {isa = PBXBuildFile; fileRef = 1750FB5C153E08A9005A9525 /* OpenGLES.framework */; };
		1750FB63153E08A9005A9525 /* InfoPlist.strings in Resources */ = {isa = PBXBuildFile; fileRef = 1750FB61153E08A9005A9525 /* InfoPlist.strings */; };
		1750FB65153E08A9005A9525 /* main.m in Sources */ = {isa = PBXBuildFile; fileRef = 1750FB64153E08A9005A9525 /* main.m */; };
		1750FB69153E08A9005A9525 /* AppDelegate.mm in Sources */ = {isa = PBXBuildFile; fileRef = 1750FB68153E08A9005A9525 /* AppDelegate.mm */; };
		17A2CC0A1545FAB20072E0A6 /* data in Resources */ = {isa = PBXBuildFile; fileRef = 17A2CC091545FAB20072E0A6 /* data */; };
		17F3985215448162003B5812 /* libbackend-ios.a in Frameworks */ = {isa = PBXBuildFile; fileRef = 17F3985115448162003B5812 /* libbackend-ios.a */; };
		17F398561544817B003B5812 /* libgdx-ios.a in Frameworks */ = {isa = PBXBuildFile; fileRef = 17F398551544817B003B5812 /* libgdx-ios.a */; };
		17F3986A1544830A003B5812 /* libgdx-tests-ios.a in Frameworks */ = {isa = PBXBuildFile; fileRef = 17F398691544830A003B5812 /* libgdx-tests-ios.a */; };
		17F3987715449D90003B5812 /* QuartzCore.framework in Frameworks */ = {isa = PBXBuildFile; fileRef = 17F3987615449D90003B5812 /* QuartzCore.framework */; };
/* End PBXBuildFile section */

/* Begin PBXFileReference section */
		1750FB50153E08A9005A9525 /* gdx-tests-ios.app */ = {isa = PBXFileReference; explicitFileType = wrapper.application; includeInIndex = 0; path = "gdx-tests-ios.app"; sourceTree = BUILT_PRODUCTS_DIR; };
		1750FB54153E08A9005A9525 /* UIKit.framework */ = {isa = PBXFileReference; lastKnownFileType = wrapper.framework; name = UIKit.framework; path = System/Library/Frameworks/UIKit.framework; sourceTree = SDKROOT; };
		1750FB56153E08A9005A9525 /* Foundation.framework */ = {isa = PBXFileReference; lastKnownFileType = wrapper.framework; name = Foundation.framework; path = System/Library/Frameworks/Foundation.framework; sourceTree = SDKROOT; };
		1750FB58153E08A9005A9525 /* CoreGraphics.framework */ = {isa = PBXFileReference; lastKnownFileType = wrapper.framework; name = CoreGraphics.framework; path = System/Library/Frameworks/CoreGraphics.framework; sourceTree = SDKROOT; };
		1750FB5A153E08A9005A9525 /* GLKit.framework */ = {isa = PBXFileReference; lastKnownFileType = wrapper.framework; name = GLKit.framework; path = System/Library/Frameworks/GLKit.framework; sourceTree = SDKROOT; };
		1750FB5C153E08A9005A9525 /* OpenGLES.framework */ = {isa = PBXFileReference; lastKnownFileType = wrapper.framework; name = OpenGLES.framework; path = System/Library/Frameworks/OpenGLES.framework; sourceTree = SDKROOT; };
		1750FB60153E08A9005A9525 /* gdx-tests-ios-Info.plist */ = {isa = PBXFileReference; lastKnownFileType = text.plist.xml; path = "gdx-tests-ios-Info.plist"; sourceTree = "<group>"; };
		1750FB62153E08A9005A9525 /* en */ = {isa = PBXFileReference; lastKnownFileType = text.plist.strings; name = en; path = en.lproj/InfoPlist.strings; sourceTree = "<group>"; };
		1750FB64153E08A9005A9525 /* main.m */ = {isa = PBXFileReference; lastKnownFileType = sourcecode.c.objc; path = main.m; sourceTree = "<group>"; };
		1750FB66153E08A9005A9525 /* gdx-tests-ios-Prefix.pch */ = {isa = PBXFileReference; lastKnownFileType = sourcecode.c.h; path = "gdx-tests-ios-Prefix.pch"; sourceTree = "<group>"; };
		1750FB67153E08A9005A9525 /* AppDelegate.h */ = {isa = PBXFileReference; lastKnownFileType = sourcecode.c.h; name = AppDelegate.h; path = "gdx-tests-ios/AppDelegate.h"; sourceTree = "<group>"; };
		1750FB68153E08A9005A9525 /* AppDelegate.mm */ = {isa = PBXFileReference; lastKnownFileType = sourcecode.cpp.objcpp; name = AppDelegate.mm; path = "gdx-tests-ios/AppDelegate.mm"; sourceTree = "<group>"; };
		17A2CC091545FAB20072E0A6 /* data */ = {isa = PBXFileReference; lastKnownFileType = folder; name = data; path = "../gdx-tests/data"; sourceTree = "<group>"; };
		17F3985115448162003B5812 /* libbackend-ios.a */ = {isa = PBXFileReference; lastKnownFileType = archive.ar; name = "libbackend-ios.a"; path = "../../backends/backend-ios/build/Release-iphoneos/libbackend-ios.a"; sourceTree = "<group>"; };
		17F398551544817B003B5812 /* libgdx-ios.a */ = {isa = PBXFileReference; lastKnownFileType = archive.ar; name = "libgdx-ios.a"; path = "../../gdx/build/Release-iphoneos/libgdx-ios.a"; sourceTree = "<group>"; };
		17F398691544830A003B5812 /* libgdx-tests-ios.a */ = {isa = PBXFileReference; lastKnownFileType = archive.ar; name = "libgdx-tests-ios.a"; path = "../gdx-tests/build/Release-iphoneos/libgdx-tests-ios.a"; sourceTree = "<group>"; };
		17F3987615449D90003B5812 /* QuartzCore.framework */ = {isa = PBXFileReference; lastKnownFileType = wrapper.framework; name = QuartzCore.framework; path = System/Library/Frameworks/QuartzCore.framework; sourceTree = SDKROOT; };
/* End PBXFileReference section */

/* Begin PBXFrameworksBuildPhase section */
		1750FB4D153E08A9005A9525 /* Frameworks */ = {
			isa = PBXFrameworksBuildPhase;
			buildActionMask = 2147483647;
			files = (
				17F3987715449D90003B5812 /* QuartzCore.framework in Frameworks */,
				17F3986A1544830A003B5812 /* libgdx-tests-ios.a in Frameworks */,
				17F398561544817B003B5812 /* libgdx-ios.a in Frameworks */,
				17F3985215448162003B5812 /* libbackend-ios.a in Frameworks */,
				1750FB55153E08A9005A9525 /* UIKit.framework in Frameworks */,
				1750FB57153E08A9005A9525 /* Foundation.framework in Frameworks */,
				1750FB59153E08A9005A9525 /* CoreGraphics.framework in Frameworks */,
				1750FB5B153E08A9005A9525 /* GLKit.framework in Frameworks */,
				1750FB5D153E08A9005A9525 /* OpenGLES.framework in Frameworks */,
			);
			runOnlyForDeploymentPostprocessing = 0;
		};
/* End PBXFrameworksBuildPhase section */

/* Begin PBXGroup section */
		1750FB45153E08A8005A9525 = {
			isa = PBXGroup;
			children = (
				17A2CC091545FAB20072E0A6 /* data */,
				1750FB67153E08A9005A9525 /* AppDelegate.h */,
				1750FB68153E08A9005A9525 /* AppDelegate.mm */,
				1750FB5F153E08A9005A9525 /* Supporting Files */,
				17F3987615449D90003B5812 /* QuartzCore.framework */,
				17F398691544830A003B5812 /* libgdx-tests-ios.a */,
				17F398551544817B003B5812 /* libgdx-ios.a */,
				17F3985115448162003B5812 /* libbackend-ios.a */,
				1750FB53153E08A9005A9525 /* Frameworks */,
				1750FB51153E08A9005A9525 /* Products */,
			);
			sourceTree = "<group>";
		};
		1750FB51153E08A9005A9525 /* Products */ = {
			isa = PBXGroup;
			children = (
				1750FB50153E08A9005A9525 /* gdx-tests-ios.app */,
			);
			name = Products;
			sourceTree = "<group>";
		};
		1750FB53153E08A9005A9525 /* Frameworks */ = {
			isa = PBXGroup;
			children = (
				1750FB54153E08A9005A9525 /* UIKit.framework */,
				1750FB56153E08A9005A9525 /* Foundation.framework */,
				1750FB58153E08A9005A9525 /* CoreGraphics.framework */,
				1750FB5A153E08A9005A9525 /* GLKit.framework */,
				1750FB5C153E08A9005A9525 /* OpenGLES.framework */,
			);
			name = Frameworks;
			sourceTree = "<group>";
		};
		1750FB5F153E08A9005A9525 /* Supporting Files */ = {
			isa = PBXGroup;
			children = (
				1750FB60153E08A9005A9525 /* gdx-tests-ios-Info.plist */,
				1750FB61153E08A9005A9525 /* InfoPlist.strings */,
				1750FB64153E08A9005A9525 /* main.m */,
				1750FB66153E08A9005A9525 /* gdx-tests-ios-Prefix.pch */,
			);
			name = "Supporting Files";
			path = "gdx-tests-ios";
			sourceTree = "<group>";
		};
/* End PBXGroup section */

/* Begin PBXNativeTarget section */
		1750FB4F153E08A9005A9525 /* gdx-tests-ios */ = {
			isa = PBXNativeTarget;
			buildConfigurationList = 1750FB79153E08A9005A9525 /* Build configuration list for PBXNativeTarget "gdx-tests-ios" */;
			buildPhases = (
				1750FB4C153E08A9005A9525 /* Sources */,
				1750FB4D153E08A9005A9525 /* Frameworks */,
				1750FB4E153E08A9005A9525 /* Resources */,
			);
			buildRules = (
			);
			dependencies = (
			);
			name = "gdx-tests-ios";
			productName = "gdx-tests-ios";
			productReference = 1750FB50153E08A9005A9525 /* gdx-tests-ios.app */;
			productType = "com.apple.product-type.application";
		};
/* End PBXNativeTarget section */

/* Begin PBXProject section */
		1750FB47153E08A8005A9525 /* Project object */ = {
			isa = PBXProject;
			attributes = {
				LastUpgradeCheck = 0430;
				ORGANIZATIONNAME = Home;
			};
			buildConfigurationList = 1750FB4A153E08A8005A9525 /* Build configuration list for PBXProject "gdx-tests-ios" */;
			compatibilityVersion = "Xcode 3.2";
			developmentRegion = English;
			hasScannedForEncodings = 0;
			knownRegions = (
				en,
			);
			mainGroup = 1750FB45153E08A8005A9525;
			productRefGroup = 1750FB51153E08A9005A9525 /* Products */;
			projectDirPath = "";
			projectRoot = "";
			targets = (
				1750FB4F153E08A9005A9525 /* gdx-tests-ios */,
			);
		};
/* End PBXProject section */

/* Begin PBXResourcesBuildPhase section */
		1750FB4E153E08A9005A9525 /* Resources */ = {
			isa = PBXResourcesBuildPhase;
			buildActionMask = 2147483647;
			files = (
				1750FB63153E08A9005A9525 /* InfoPlist.strings in Resources */,
				17A2CC0A1545FAB20072E0A6 /* data in Resources */,
			);
			runOnlyForDeploymentPostprocessing = 0;
		};
/* End PBXResourcesBuildPhase section */

/* Begin PBXSourcesBuildPhase section */
		1750FB4C153E08A9005A9525 /* Sources */ = {
			isa = PBXSourcesBuildPhase;
			buildActionMask = 2147483647;
			files = (
				1750FB65153E08A9005A9525 /* main.m in Sources */,
				1750FB69153E08A9005A9525 /* AppDelegate.mm in Sources */,
			);
			runOnlyForDeploymentPostprocessing = 0;
		};
/* End PBXSourcesBuildPhase section */

/* Begin PBXVariantGroup section */
		1750FB61153E08A9005A9525 /* InfoPlist.strings */ = {
			isa = PBXVariantGroup;
			children = (
				1750FB62153E08A9005A9525 /* en */,
			);
			name = InfoPlist.strings;
			sourceTree = "<group>";
		};
/* End PBXVariantGroup section */

/* Begin XCBuildConfiguration section */
		1750FB77153E08A9005A9525 /* Debug */ = {
			isa = XCBuildConfiguration;
			buildSettings = {
				ALWAYS_SEARCH_USER_PATHS = NO;
				ARCHS = "$(ARCHS_STANDARD_32_BIT)";
				CLANG_ENABLE_OBJC_ARC = YES;
				"CODE_SIGN_IDENTITY[sdk=iphoneos*]" = "iPhone Developer";
				COPY_PHASE_STRIP = NO;
				GCC_C_LANGUAGE_STANDARD = gnu99;
				GCC_DYNAMIC_NO_PIC = NO;
				GCC_OPTIMIZATION_LEVEL = 0;
				GCC_PREPROCESSOR_DEFINITIONS = (
					"DEBUG=1",
					"$(inherited)",
				);
				GCC_SYMBOLS_PRIVATE_EXTERN = NO;
				GCC_VERSION = com.apple.compilers.llvm.clang.1_0;
				GCC_WARN_ABOUT_MISSING_PROTOTYPES = YES;
				GCC_WARN_ABOUT_RETURN_TYPE = YES;
				GCC_WARN_UNUSED_VARIABLE = YES;
				IPHONEOS_DEPLOYMENT_TARGET = 3.1;
				SDKROOT = iphoneos;
				TARGETED_DEVICE_FAMILY = "1,2";
			};
			name = Debug;
		};
		1750FB78153E08A9005A9525 /* Release */ = {
			isa = XCBuildConfiguration;
			buildSettings = {
				ALWAYS_SEARCH_USER_PATHS = NO;
				ARCHS = "$(ARCHS_STANDARD_32_BIT)";
				CLANG_ENABLE_OBJC_ARC = YES;
				"CODE_SIGN_IDENTITY[sdk=iphoneos*]" = "iPhone Developer";
				COPY_PHASE_STRIP = YES;
				GCC_C_LANGUAGE_STANDARD = gnu99;
				GCC_VERSION = com.apple.compilers.llvm.clang.1_0;
				GCC_WARN_ABOUT_MISSING_PROTOTYPES = YES;
				GCC_WARN_ABOUT_RETURN_TYPE = YES;
				GCC_WARN_UNUSED_VARIABLE = YES;
				IPHONEOS_DEPLOYMENT_TARGET = 3.1;
				OTHER_CFLAGS = "-DNS_BLOCK_ASSERTIONS=1";
				SDKROOT = iphoneos;
				TARGETED_DEVICE_FAMILY = "1,2";
				VALIDATE_PRODUCT = YES;
			};
			name = Release;
		};
		1750FB7A153E08A9005A9525 /* Debug */ = {
			isa = XCBuildConfiguration;
			buildSettings = {
				GCC_PRECOMPILE_PREFIX_HEADER = YES;
				GCC_PREFIX_HEADER = "gdx-tests-ios/gdx-tests-ios-Prefix.pch";
				"GCC_THUMB_SUPPORT[arch=armv6]" = "";
				HEADER_SEARCH_PATHS = (
					"../../backends/backend-ios/incl",
					../../gdx/include,
					"../../tests/gdx-tests/include",
				);
				INFOPLIST_FILE = "gdx-tests-ios/gdx-tests-ios-Info.plist";
				LIBRARY_SEARCH_PATHS = (
					"$(inherited)",
					"\"$(SRCROOT)/../../../../Library/Developer/Xcode/DerivedData/gdx-testing-osx-gixlikwjboncinfzefiysvwhyepd/Build/Products/Debug\"",
				);
				PRODUCT_NAME = "$(TARGET_NAME)";
				WRAPPER_EXTENSION = app;
			};
			name = Debug;
		};
		1750FB7B153E08A9005A9525 /* Release */ = {
			isa = XCBuildConfiguration;
			buildSettings = {
				GCC_PRECOMPILE_PREFIX_HEADER = YES;
				GCC_PREFIX_HEADER = "gdx-tests-ios/gdx-tests-ios-Prefix.pch";
				"GCC_THUMB_SUPPORT[arch=armv6]" = "";
				HEADER_SEARCH_PATHS = (
					"../../backends/backend-ios/incl",
					../../gdx/include,
					"../../tests/gdx-tests/include",
				);
				INFOPLIST_FILE = "gdx-tests-ios/gdx-tests-ios-Info.plist";
				LIBRARY_SEARCH_PATHS = (
					"$(inherited)",
					"\"$(SRCROOT)/../../../../Library/Developer/Xcode/DerivedData/gdx-testing-osx-gixlikwjboncinfzefiysvwhyepd/Build/Products/Debug\"",
				);
				PRODUCT_NAME = "$(TARGET_NAME)";
				WRAPPER_EXTENSION = app;
			};
			name = Release;
		};
/* End XCBuildConfiguration section */

/* Begin XCConfigurationList section */
		1750FB4A153E08A8005A9525 /* Build configuration list for PBXProject "gdx-tests-ios" */ = {
			isa = XCConfigurationList;
			buildConfigurations = (
				1750FB77153E08A9005A9525 /* Debug */,
				1750FB78153E08A9005A9525 /* Release */,
			);
			defaultConfigurationIsVisible = 0;
			defaultConfigurationName = Release;
		};
		1750FB79153E08A9005A9525 /* Build configuration list for PBXNativeTarget "gdx-tests-ios" */ = {
			isa = XCConfigurationList;
			buildConfigurations = (
				1750FB7A153E08A9005A9525 /* Debug */,
				1750FB7B153E08A9005A9525 /* Release */,
			);
			defaultConfigurationIsVisible = 0;
			defaultConfigurationName = Release;
		};
/* End XCConfigurationList section */
	};
	rootObject = 1750FB47153E08A8005A9525 /* Project object */;
}
