// !$*UTF8*$!
{
	archiveVersion = 1;
	classes = {
	};
	objectVersion = 46;
	objects = {

/* Begin PBXBuildFile section */
		17821FE71529036200E213C9 /* OpenGL.framework in Frameworks */ = {isa = PBXBuildFile; fileRef = 17821FE61529036200E213C9 /* OpenGL.framework */; };
		17821FF8152A5DC100E213C9 /* libglfw.a in Frameworks */ = {isa = PBXBuildFile; fileRef = 17821FF7152A5DC100E213C9 /* libglfw.a */; };
		1782201F152CD37100E213C9 /* data in Resources */ = {isa = PBXBuildFile; fileRef = 1782201E152CD37100E213C9 /* data */; };
		1783F0011528F1A90005F670 /* libgdx-macos.a in Frameworks */ = {isa = PBXBuildFile; fileRef = 1783F0001528F1A90005F670 /* libgdx-macos.a */; };
		1786100E151A76030091BA8D /* Cocoa.framework in Frameworks */ = {isa = PBXBuildFile; fileRef = 1786100D151A76030091BA8D /* Cocoa.framework */; };
		17861018151A76030091BA8D /* InfoPlist.strings in Resources */ = {isa = PBXBuildFile; fileRef = 17861016151A76030091BA8D /* InfoPlist.strings */; };
		1786101A151A76030091BA8D /* main.m in Sources */ = {isa = PBXBuildFile; fileRef = 17861019151A76030091BA8D /* main.m */; };
		1786101E151A76030091BA8D /* Credits.rtf in Resources */ = {isa = PBXBuildFile; fileRef = 1786101C151A76030091BA8D /* Credits.rtf */; };
		17861021151A76030091BA8D /* AppDelegate.mm in Sources */ = {isa = PBXBuildFile; fileRef = 17861020151A76030091BA8D /* AppDelegate.mm */; };
		17861024151A76030091BA8D /* MainMenu.xib in Resources */ = {isa = PBXBuildFile; fileRef = 17861022151A76030091BA8D /* MainMenu.xib */; };
		17D05D19151F9326002CBB67 /* libgdx-tests.a in Frameworks */ = {isa = PBXBuildFile; fileRef = 17D05D18151F9326002CBB67 /* libgdx-tests.a */; };
		17D05D7D151F94D2002CBB67 /* libbackend-glfw.a in Frameworks */ = {isa = PBXBuildFile; fileRef = 17D05D7C151F94D2002CBB67 /* libbackend-glfw.a */; };
/* End PBXBuildFile section */

/* Begin PBXFileReference section */
		17821FE61529036200E213C9 /* OpenGL.framework */ = {isa = PBXFileReference; lastKnownFileType = wrapper.framework; name = OpenGL.framework; path = System/Library/Frameworks/OpenGL.framework; sourceTree = SDKROOT; };
		17821FF7152A5DC100E213C9 /* libglfw.a */ = {isa = PBXFileReference; lastKnownFileType = archive.ar; name = libglfw.a; path = "../../backends/backend-glfw/extern/glfw-2.7.3/lib/cocoa/libglfw.a"; sourceTree = "<group>"; };
		1782201E152CD37100E213C9 /* data */ = {isa = PBXFileReference; lastKnownFileType = folder; name = data; path = "../gdx-tests/data"; sourceTree = "<group>"; };
		1783F0001528F1A90005F670 /* libgdx-macos.a */ = {isa = PBXFileReference; lastKnownFileType = archive.ar; path = "libgdx-macos.a"; sourceTree = BUILT_PRODUCTS_DIR; };
		17861009151A76030091BA8D /* gdx-tests-osx.app */ = {isa = PBXFileReference; explicitFileType = wrapper.application; includeInIndex = 0; path = "gdx-tests-osx.app"; sourceTree = BUILT_PRODUCTS_DIR; };
		1786100D151A76030091BA8D /* Cocoa.framework */ = {isa = PBXFileReference; lastKnownFileType = wrapper.framework; name = Cocoa.framework; path = System/Library/Frameworks/Cocoa.framework; sourceTree = SDKROOT; };
		17861010151A76030091BA8D /* AppKit.framework */ = {isa = PBXFileReference; lastKnownFileType = wrapper.framework; name = AppKit.framework; path = System/Library/Frameworks/AppKit.framework; sourceTree = SDKROOT; };
		17861011151A76030091BA8D /* CoreData.framework */ = {isa = PBXFileReference; lastKnownFileType = wrapper.framework; name = CoreData.framework; path = System/Library/Frameworks/CoreData.framework; sourceTree = SDKROOT; };
		17861012151A76030091BA8D /* Foundation.framework */ = {isa = PBXFileReference; lastKnownFileType = wrapper.framework; name = Foundation.framework; path = System/Library/Frameworks/Foundation.framework; sourceTree = SDKROOT; };
		17861015151A76030091BA8D /* gdx-tests-osx-Info.plist */ = {isa = PBXFileReference; lastKnownFileType = text.plist.xml; path = "gdx-tests-osx-Info.plist"; sourceTree = "<group>"; };
		17861017151A76030091BA8D /* en */ = {isa = PBXFileReference; lastKnownFileType = text.plist.strings; name = en; path = en.lproj/InfoPlist.strings; sourceTree = "<group>"; };
		17861019151A76030091BA8D /* main.m */ = {isa = PBXFileReference; lastKnownFileType = sourcecode.c.objc; path = main.m; sourceTree = "<group>"; };
		1786101B151A76030091BA8D /* gdx-tests-osx-Prefix.pch */ = {isa = PBXFileReference; lastKnownFileType = sourcecode.c.h; path = "gdx-tests-osx-Prefix.pch"; sourceTree = "<group>"; };
		1786101D151A76030091BA8D /* en */ = {isa = PBXFileReference; lastKnownFileType = text.rtf; name = en; path = en.lproj/Credits.rtf; sourceTree = "<group>"; };
		1786101F151A76030091BA8D /* AppDelegate.h */ = {isa = PBXFileReference; lastKnownFileType = sourcecode.c.h; path = AppDelegate.h; sourceTree = "<group>"; };
		17861020151A76030091BA8D /* AppDelegate.mm */ = {isa = PBXFileReference; lastKnownFileType = sourcecode.cpp.objcpp; path = AppDelegate.mm; sourceTree = "<group>"; };
		17861023151A76030091BA8D /* en */ = {isa = PBXFileReference; lastKnownFileType = file.xib; name = en; path = en.lproj/MainMenu.xib; sourceTree = "<group>"; };
		17D05D18151F9326002CBB67 /* libgdx-tests.a */ = {isa = PBXFileReference; lastKnownFileType = archive.ar; path = "libgdx-tests.a"; sourceTree = BUILT_PRODUCTS_DIR; };
		17D05D7C151F94D2002CBB67 /* libbackend-glfw.a */ = {isa = PBXFileReference; lastKnownFileType = archive.ar; path = "libbackend-glfw.a"; sourceTree = BUILT_PRODUCTS_DIR; };
/* End PBXFileReference section */

/* Begin PBXFrameworksBuildPhase section */
		17861006151A76030091BA8D /* Frameworks */ = {
			isa = PBXFrameworksBuildPhase;
			buildActionMask = 2147483647;
			files = (
				17821FF8152A5DC100E213C9 /* libglfw.a in Frameworks */,
				1783F0011528F1A90005F670 /* libgdx-macos.a in Frameworks */,
				17D05D7D151F94D2002CBB67 /* libbackend-glfw.a in Frameworks */,
				17D05D19151F9326002CBB67 /* libgdx-tests.a in Frameworks */,
				1786100E151A76030091BA8D /* Cocoa.framework in Frameworks */,
				17821FE71529036200E213C9 /* OpenGL.framework in Frameworks */,
			);
			runOnlyForDeploymentPostprocessing = 0;
		};
/* End PBXFrameworksBuildPhase section */

/* Begin PBXGroup section */
		17860FFE151A76030091BA8D = {
			isa = PBXGroup;
			children = (
				1782201E152CD37100E213C9 /* data */,
				1786100C151A76030091BA8D /* Frameworks */,
				17861013151A76030091BA8D /* gdx-tests-osx */,
				17D05D7C151F94D2002CBB67 /* libbackend-glfw.a */,
				1783F0001528F1A90005F670 /* libgdx-macos.a */,
				17D05D18151F9326002CBB67 /* libgdx-tests.a */,
				17821FF7152A5DC100E213C9 /* libglfw.a */,
				1786100A151A76030091BA8D /* Products */,
			);
			sourceTree = "<group>";
		};
		1786100A151A76030091BA8D /* Products */ = {
			isa = PBXGroup;
			children = (
				17861009151A76030091BA8D /* gdx-tests-osx.app */,
			);
			name = Products;
			sourceTree = "<group>";
		};
		1786100C151A76030091BA8D /* Frameworks */ = {
			isa = PBXGroup;
			children = (
				1786100D151A76030091BA8D /* Cocoa.framework */,
				1786100F151A76030091BA8D /* Other Frameworks */,
			);
			name = Frameworks;
			sourceTree = "<group>";
		};
		1786100F151A76030091BA8D /* Other Frameworks */ = {
			isa = PBXGroup;
			children = (
				17821FE61529036200E213C9 /* OpenGL.framework */,
				17861010151A76030091BA8D /* AppKit.framework */,
				17861011151A76030091BA8D /* CoreData.framework */,
				17861012151A76030091BA8D /* Foundation.framework */,
			);
			name = "Other Frameworks";
			sourceTree = "<group>";
		};
		17861013151A76030091BA8D /* gdx-tests-osx */ = {
			isa = PBXGroup;
			children = (
				1786101F151A76030091BA8D /* AppDelegate.h */,
				17861020151A76030091BA8D /* AppDelegate.mm */,
				17861022151A76030091BA8D /* MainMenu.xib */,
				17861014151A76030091BA8D /* Supporting Files */,
			);
			path = "gdx-tests-osx";
			sourceTree = "<group>";
		};
		17861014151A76030091BA8D /* Supporting Files */ = {
			isa = PBXGroup;
			children = (
				17861015151A76030091BA8D /* gdx-tests-osx-Info.plist */,
				17861016151A76030091BA8D /* InfoPlist.strings */,
				17861019151A76030091BA8D /* main.m */,
				1786101B151A76030091BA8D /* gdx-tests-osx-Prefix.pch */,
				1786101C151A76030091BA8D /* Credits.rtf */,
			);
			name = "Supporting Files";
			sourceTree = "<group>";
		};
/* End PBXGroup section */

/* Begin PBXNativeTarget section */
		17861008151A76030091BA8D /* gdx-tests-osx */ = {
			isa = PBXNativeTarget;
			buildConfigurationList = 17861027151A76030091BA8D /* Build configuration list for PBXNativeTarget "gdx-tests-osx" */;
			buildPhases = (
				17861005151A76030091BA8D /* Sources */,
				17861006151A76030091BA8D /* Frameworks */,
				17861007151A76030091BA8D /* Resources */,
			);
			buildRules = (
			);
			dependencies = (
			);
			name = "gdx-tests-osx";
			productName = "gdx-tests-osx";
			productReference = 17861009151A76030091BA8D /* gdx-tests-osx.app */;
			productType = "com.apple.product-type.application";
		};
/* End PBXNativeTarget section */

/* Begin PBXProject section */
		17861000151A76030091BA8D /* Project object */ = {
			isa = PBXProject;
			attributes = {
				LastUpgradeCheck = 0420;
				ORGANIZATIONNAME = Home;
			};
			buildConfigurationList = 17861003151A76030091BA8D /* Build configuration list for PBXProject "gdx-tests-osx" */;
			compatibilityVersion = "Xcode 3.2";
			developmentRegion = English;
			hasScannedForEncodings = 0;
			knownRegions = (
				en,
			);
			mainGroup = 17860FFE151A76030091BA8D;
			productRefGroup = 1786100A151A76030091BA8D /* Products */;
			projectDirPath = "";
			projectRoot = "";
			targets = (
				17861008151A76030091BA8D /* gdx-tests-osx */,
			);
		};
/* End PBXProject section */

/* Begin PBXResourcesBuildPhase section */
		17861007151A76030091BA8D /* Resources */ = {
			isa = PBXResourcesBuildPhase;
			buildActionMask = 2147483647;
			files = (
				17861018151A76030091BA8D /* InfoPlist.strings in Resources */,
				1786101E151A76030091BA8D /* Credits.rtf in Resources */,
				17861024151A76030091BA8D /* MainMenu.xib in Resources */,
				1782201F152CD37100E213C9 /* data in Resources */,
			);
			runOnlyForDeploymentPostprocessing = 0;
		};
/* End PBXResourcesBuildPhase section */

/* Begin PBXSourcesBuildPhase section */
		17861005151A76030091BA8D /* Sources */ = {
			isa = PBXSourcesBuildPhase;
			buildActionMask = 2147483647;
			files = (
				1786101A151A76030091BA8D /* main.m in Sources */,
				17861021151A76030091BA8D /* AppDelegate.mm in Sources */,
			);
			runOnlyForDeploymentPostprocessing = 0;
		};
/* End PBXSourcesBuildPhase section */

/* Begin PBXVariantGroup section */
		17861016151A76030091BA8D /* InfoPlist.strings */ = {
			isa = PBXVariantGroup;
			children = (
				17861017151A76030091BA8D /* en */,
			);
			name = InfoPlist.strings;
			sourceTree = "<group>";
		};
		1786101C151A76030091BA8D /* Credits.rtf */ = {
			isa = PBXVariantGroup;
			children = (
				1786101D151A76030091BA8D /* en */,
			);
			name = Credits.rtf;
			sourceTree = "<group>";
		};
		17861022151A76030091BA8D /* MainMenu.xib */ = {
			isa = PBXVariantGroup;
			children = (
				17861023151A76030091BA8D /* en */,
			);
			name = MainMenu.xib;
			sourceTree = "<group>";
		};
/* End PBXVariantGroup section */

/* Begin XCBuildConfiguration section */
		17861025151A76030091BA8D /* Debug */ = {
			isa = XCBuildConfiguration;
			buildSettings = {
				ALWAYS_SEARCH_USER_PATHS = NO;
				ARCHS = "$(ARCHS_STANDARD_64_BIT)";
				COPY_PHASE_STRIP = NO;
				GCC_C_LANGUAGE_STANDARD = gnu99;
				GCC_DYNAMIC_NO_PIC = NO;
				GCC_ENABLE_OBJC_EXCEPTIONS = YES;
				GCC_OPTIMIZATION_LEVEL = 0;
				GCC_PREPROCESSOR_DEFINITIONS = (
					"DEBUG=1",
					"$(inherited)",
				);
				GCC_SYMBOLS_PRIVATE_EXTERN = NO;
				GCC_VERSION = com.apple.compilers.llvm.clang.1_0;
				GCC_WARN_64_TO_32_BIT_CONVERSION = YES;
				GCC_WARN_ABOUT_MISSING_PROTOTYPES = YES;
				GCC_WARN_ABOUT_RETURN_TYPE = YES;
				GCC_WARN_UNUSED_VARIABLE = YES;
				MACOSX_DEPLOYMENT_TARGET = 10.7;
				ONLY_ACTIVE_ARCH = YES;
				SDKROOT = macosx;
			};
			name = Debug;
		};
		17861026151A76030091BA8D /* Release */ = {
			isa = XCBuildConfiguration;
			buildSettings = {
				ALWAYS_SEARCH_USER_PATHS = NO;
				ARCHS = "$(ARCHS_STANDARD_64_BIT)";
				COPY_PHASE_STRIP = YES;
				DEBUG_INFORMATION_FORMAT = "dwarf-with-dsym";
				GCC_C_LANGUAGE_STANDARD = gnu99;
				GCC_ENABLE_OBJC_EXCEPTIONS = YES;
				GCC_VERSION = com.apple.compilers.llvm.clang.1_0;
				GCC_WARN_64_TO_32_BIT_CONVERSION = YES;
				GCC_WARN_ABOUT_MISSING_PROTOTYPES = YES;
				GCC_WARN_ABOUT_RETURN_TYPE = YES;
				GCC_WARN_UNUSED_VARIABLE = YES;
				MACOSX_DEPLOYMENT_TARGET = 10.7;
				SDKROOT = macosx;
			};
			name = Release;
		};
		17861028151A76030091BA8D /* Debug */ = {
			isa = XCBuildConfiguration;
			buildSettings = {
				GCC_PRECOMPILE_PREFIX_HEADER = YES;
				GCC_PREFIX_HEADER = "gdx-tests-osx/gdx-tests-osx-Prefix.pch";
				HEADER_SEARCH_PATHS = (
					"../gdx-tests/include",
					../../gdx/include,
					"../../backends/backend-glfw/exp",
				);
				INFOPLIST_FILE = "gdx-tests-osx/gdx-tests-osx-Info.plist";
				LIBRARY_SEARCH_PATHS = (
					"$(inherited)",
					"\"$(SRCROOT)/../../../../Library/Developer/Xcode/DerivedData/gdx-tests-bvufqwdkchmelmhhkbvwazgaikrk/Build/Products/Debug\"",
					"\"$(SRCROOT)/../../backends/backend-glfw/extern/glfw-2.7.3/lib/cocoa\"",
				);
				MACOSX_DEPLOYMENT_TARGET = 10.6;
				PRODUCT_NAME = "$(TARGET_NAME)";
				SDKROOT = macosx;
				WRAPPER_EXTENSION = app;
			};
			name = Debug;
		};
		17861029151A76030091BA8D /* Release */ = {
			isa = XCBuildConfiguration;
			buildSettings = {
				GCC_PRECOMPILE_PREFIX_HEADER = YES;
				GCC_PREFIX_HEADER = "gdx-tests-osx/gdx-tests-osx-Prefix.pch";
				HEADER_SEARCH_PATHS = (
					"../gdx-tests/include",
					../../gdx/include,
					"../../backends/backend-glfw/exp",
				);
				INFOPLIST_FILE = "gdx-tests-osx/gdx-tests-osx-Info.plist";
				LIBRARY_SEARCH_PATHS = (
					"$(inherited)",
					"\"$(SRCROOT)/../../../../Library/Developer/Xcode/DerivedData/gdx-tests-bvufqwdkchmelmhhkbvwazgaikrk/Build/Products/Debug\"",
					"\"$(SRCROOT)/../../backends/backend-glfw/extern/glfw-2.7.3/lib/cocoa\"",
				);
				MACOSX_DEPLOYMENT_TARGET = 10.6;
				PRODUCT_NAME = "$(TARGET_NAME)";
				SDKROOT = macosx;
				WRAPPER_EXTENSION = app;
			};
			name = Release;
		};
/* End XCBuildConfiguration section */

/* Begin XCConfigurationList section */
		17861003151A76030091BA8D /* Build configuration list for PBXProject "gdx-tests-osx" */ = {
			isa = XCConfigurationList;
			buildConfigurations = (
				17861025151A76030091BA8D /* Debug */,
				17861026151A76030091BA8D /* Release */,
			);
			defaultConfigurationIsVisible = 0;
			defaultConfigurationName = Release;
		};
		17861027151A76030091BA8D /* Build configuration list for PBXNativeTarget "gdx-tests-osx" */ = {
			isa = XCConfigurationList;
			buildConfigurations = (
				17861028151A76030091BA8D /* Debug */,
				17861029151A76030091BA8D /* Release */,
			);
			defaultConfigurationIsVisible = 0;
			defaultConfigurationName = Release;
		};
/* End XCConfigurationList section */
	};
	rootObject = 17861000151A76030091BA8D /* Project object */;
}
