<?xml version="1.0" encoding="utf-8"?>
<Project ToolsVersion="4.0" xmlns="http://schemas.microsoft.com/developer/msbuild/2003">
  <ItemGroup>
    <Filter Include="Source Files">
      <UniqueIdentifier>{4FC737F1-C7A5-4376-A066-2A32D752A2FF}</UniqueIdentifier>
      <Extensions>cpp;c;cc;cxx;def;odl;idl;hpj;bat;asm;asmx</Extensions>
    </Filter>
    <Filter Include="Resource Files">
      <UniqueIdentifier>{67DA6AB6-F800-4c08-8B7A-83BB121AAD01}</UniqueIdentifier>
      <Extensions>rc;ico;cur;bmp;dlg;rc2;rct;bin;rgs;gif;jpg;jpeg;jpe;resx;tiff;tif;png;wav;mfcribbon-ms</Extensions>
    </Filter>
    <Filter Include="internal">
      <UniqueIdentifier>{93995380-89BD-4b04-88EB-625FBE52EBFB}</UniqueIdentifier>
      <Extensions>h;hpp;hxx;hm;inl;inc;xsd</Extensions>
    </Filter>
    <Filter Include="inlcude">
      <UniqueIdentifier>{abaac589-fad9-4441-a3ab-08f9a9220f5c}</UniqueIdentifier>
      <Extensions>h</Extensions>
    </Filter>
  </ItemGroup>
  <ItemGroup>
    <None Include="ReadMe.txt" />
  </ItemGroup>
  <ItemGroup>
    <ClInclude Include="..\incl\stdafx.h">
      <Filter>internal</Filter>
    </ClInclude>
    <ClInclude Include="..\incl\targetver.h">
      <Filter>internal</Filter>
    </ClInclude>
    <ClInclude Include="..\include\GdxTests.h">
      <Filter>inlcude</Filter>
    </ClInclude>
    <ClInclude Include="..\include\GdxTest.h">
      <Filter>inlcude</Filter>
    </ClInclude>
    <ClInclude Include="..\include\AlphaTest.h">
      <Filter>inlcude</Filter>
    </ClInclude>
    <ClInclude Include="..\include\GdxTestsDefines.h">
      <Filter>inlcude</Filter>
    </ClInclude>
    <ClInclude Include="..\include\MatrixJNITest.h">
      <Filter>inlcude</Filter>
    </ClInclude>
    <ClInclude Include="..\include\MeshShaderTest.h">
      <Filter>inlcude</Filter>
    </ClInclude>
    <ClInclude Include="..\include\PixmapTest.h">
      <Filter>inlcude</Filter>
    </ClInclude>
    <ClInclude Include="..\include\PixmapBlendingTest.h">
      <Filter>inlcude</Filter>
    </ClInclude>
    <ClInclude Include="..\include\SpriteBatchTest.h">
      <Filter>inlcude</Filter>
    </ClInclude>
    <ClInclude Include="..\include\VertexBufferObjectShaderTest.h">
      <Filter>inlcude</Filter>
    </ClInclude>
    <ClInclude Include="..\include\TextureDataTest.h">
      <Filter>inlcude</Filter>
    </ClInclude>
    <ClInclude Include="..\include\MeshTest.h">
      <Filter>inlcude</Filter>
    </ClInclude>
    <ClInclude Include="..\include\VertexArrayClassTest.h">
      <Filter>inlcude</Filter>
    </ClInclude>
    <ClInclude Include="..\include\VertexArrayTest.h">
      <Filter>inlcude</Filter>
    </ClInclude>
    <ClInclude Include="..\include\FrustumTest.h">
      <Filter>inlcude</Filter>
    </ClInclude>
    <ClInclude Include="..\include\OrthoCamBorderTest.h">
      <Filter>inlcude</Filter>
    </ClInclude>
    <ClInclude Include="..\include\SpriteBatchRotationTest.h">
      <Filter>inlcude</Filter>
    </ClInclude>
    <ClInclude Include="..\include\Gdx2DTest.h">
      <Filter>inlcude</Filter>
    </ClInclude>
    <ClInclude Include="..\include\SpriteBatchShaderTest.h">
      <Filter>inlcude</Filter>
    </ClInclude>
    <ClInclude Include="..\include\MipMapTest.h">
      <Filter>inlcude</Filter>
    </ClInclude>
    <ClInclude Include="..\incl\Shapes.h">
      <Filter>internal</Filter>
    </ClInclude>
    <ClInclude Include="..\include\SimpleVertexShader.h">
      <Filter>inlcude</Filter>
    </ClInclude>
    <ClInclude Include="..\include\IndexBufferObjectClassTest.h">
      <Filter>inlcude</Filter>
    </ClInclude>
    <ClInclude Include="..\include\IndexBufferObjectShaderTest.h">
      <Filter>inlcude</Filter>
    </ClInclude>
    <ClInclude Include="..\include\MeshMultitextureTest.h">
      <Filter>inlcude</Filter>
    </ClInclude>
    <ClInclude Include="..\include\ShaderMultitextureTest.h">
      <Filter>inlcude</Filter>
    </ClInclude>
    <ClInclude Include="..\include\BlitTest.h">
      <Filter>inlcude</Filter>
    </ClInclude>
    <ClInclude Include="..\include\BobTest.h">
      <Filter>inlcude</Filter>
    </ClInclude>
    <ClInclude Include="..\include\FloatTest.h">
      <Filter>inlcude</Filter>
    </ClInclude>
    <ClInclude Include="..\include\RotationTest.h">
      <Filter>inlcude</Filter>
    </ClInclude>
    <ClInclude Include="..\include\Pong.h">
      <Filter>inlcude</Filter>
    </ClInclude>
    <ClInclude Include="..\include\GroupTest.h">
      <Filter>inlcude</Filter>
    </ClInclude>
    <ClInclude Include="..\include\Mpg123Test.h">
      <Filter>inlcude</Filter>
    </ClInclude>
    <ClInclude Include="..\include\AudioDeviceTest.h">
      <Filter>inlcude</Filter>
    </ClInclude>
    <ClInclude Include="..\include\WavTest.h">
      <Filter>inlcude</Filter>
    </ClInclude>
    <ClInclude Include="..\include\VorbisTest.h">
      <Filter>inlcude</Filter>
    </ClInclude>
    <ClInclude Include="..\include\MoveSpriteExample.h">
      <Filter>inlcude</Filter>
    </ClInclude>
    <ClInclude Include="..\include\MipMap2D.h">
      <Filter>inlcude</Filter>
    </ClInclude>
    <ClInclude Include="..\include\BitmapFontTest.h">
      <Filter>inlcude</Filter>
    </ClInclude>
  </ItemGroup>
  <ItemGroup>
    <ClCompile Include="..\src\dllmain.cpp">
      <Filter>Source Files</Filter>
    </ClCompile>
    <ClCompile Include="..\src\stdafx.cpp">
      <Filter>Source Files</Filter>
    </ClCompile>
    <ClCompile Include="..\src\GdxTests.cpp">
      <Filter>Source Files</Filter>
    </ClCompile>
    <ClCompile Include="..\src\MatrixJNITest.cpp">
      <Filter>Source Files</Filter>
    </ClCompile>
    <ClCompile Include="..\src\MeshShaderTest.cpp">
      <Filter>Source Files</Filter>
    </ClCompile>
    <ClCompile Include="..\src\PixmapTest.cpp">
      <Filter>Source Files</Filter>
    </ClCompile>
    <ClCompile Include="..\src\PixmapBlendingTest.cpp">
      <Filter>Source Files</Filter>
    </ClCompile>
    <ClCompile Include="..\src\SpriteBatchTest.cpp">
      <Filter>Source Files</Filter>
    </ClCompile>
    <ClCompile Include="..\src\VertexBufferObjectShaderTest.cpp">
      <Filter>Source Files</Filter>
    </ClCompile>
    <ClCompile Include="..\src\SpriteBatchRotationTest.cpp">
      <Filter>Source Files</Filter>
    </ClCompile>
    <ClCompile Include="..\src\Pong.cpp">
      <Filter>Source Files</Filter>
    </ClCompile>
  </ItemGroup>
</Project>