
Microsoft Visual Studio Solution File, Format Version 11.00
# Visual Studio 2010
Project("{8BC9CEB8-8B4A-11D0-8D11-00A0C91BC942}") = "waveOutTest", "waveOutTest.vcxproj", "{CBAB019D-AA35-4F5B-B58C-8AC6496D9DA4}"
EndProject
Global
	GlobalSection(SolutionConfigurationPlatforms) = preSolution
		Debug|Win32 = Debug|Win32
		Release|Win32 = Release|Win32
	EndGlobalSection
	GlobalSection(ProjectConfigurationPlatforms) = postSolution
		{CBAB019D-AA35-4F5B-B58C-8AC6496D9DA4}.Debug|Win32.ActiveCfg = Debug|Win32
		{CBAB019D-AA35-4F5B-B58C-8AC6496D9DA4}.Debug|Win32.Build.0 = Debug|Win32
		{CBAB019D-AA35-4F5B-B58C-8AC6496D9DA4}.Release|Win32.ActiveCfg = Release|Win32
		{CBAB019D-AA35-4F5B-B58C-8AC6496D9DA4}.Release|Win32.Build.0 = Release|Win32
	EndGlobalSection
	GlobalSection(SolutionProperties) = preSolution
		HideSolutionNode = FALSE
	EndGlobalSection
EndGlobal
