// !$*UTF8*$!
{
	archiveVersion = 1;
	classes = {
	};
	objectVersion = 46;
	objects = {

/* Begin PBXBuildFile section */
		0252C1E8153100980005B129 /* Cocoa.framework in Frameworks */ = {isa = PBXBuildFile; fileRef = 17822042152E3C8D00E213C9 /* Cocoa.framework */; };
		1782204D152E3C8D00E213C9 /* InfoPlist.strings in Resources */ = {isa = PBXBuildFile; fileRef = 1782204B152E3C8D00E213C9 /* InfoPlist.strings */; };
		1782204F152E3C8D00E213C9 /* main.cpp in Sources */ = {isa = PBXBuildFile; fileRef = 1782204E152E3C8D00E213C9 /* main.cpp */; };
		17822053152E3C8D00E213C9 /* Credits.rtf in Resources */ = {isa = PBXBuildFile; fileRef = 17822051152E3C8D00E213C9 /* Credits.rtf */; };
		17822093152E3DE600E213C9 /* Assets.cpp in Sources */ = {isa = PBXBuildFile; fileRef = 1782207D152E3DE600E213C9 /* Assets.cpp */; };
		17822094152E3DE600E213C9 /* Bob.cpp in Sources */ = {isa = PBXBuildFile; fileRef = 1782207E152E3DE600E213C9 /* Bob.cpp */; };
		17822095152E3DE600E213C9 /* Castle.cpp in Sources */ = {isa = PBXBuildFile; fileRef = 1782207F152E3DE600E213C9 /* Castle.cpp */; };
		17822096152E3DE600E213C9 /* Coin.cpp in Sources */ = {isa = PBXBuildFile; fileRef = 17822080152E3DE600E213C9 /* Coin.cpp */; };
		17822097152E3DE600E213C9 /* DynamicGameObject.cpp in Sources */ = {isa = PBXBuildFile; fileRef = 17822081152E3DE600E213C9 /* DynamicGameObject.cpp */; };
		17822098152E3DE600E213C9 /* Game.cpp in Sources */ = {isa = PBXBuildFile; fileRef = 17822082152E3DE600E213C9 /* Game.cpp */; };
		17822099152E3DE600E213C9 /* GameObject.cpp in Sources */ = {isa = PBXBuildFile; fileRef = 17822083152E3DE600E213C9 /* GameObject.cpp */; };
		1782209A152E3DE600E213C9 /* GameScreen.cpp in Sources */ = {isa = PBXBuildFile; fileRef = 17822084152E3DE600E213C9 /* GameScreen.cpp */; };
		1782209B152E3DE600E213C9 /* HelpScreen.cpp in Sources */ = {isa = PBXBuildFile; fileRef = 17822085152E3DE600E213C9 /* HelpScreen.cpp */; };
		1782209C152E3DE600E213C9 /* HighscoresScreen.cpp in Sources */ = {isa = PBXBuildFile; fileRef = 17822086152E3DE600E213C9 /* HighscoresScreen.cpp */; };
		1782209D152E3DE600E213C9 /* MainMenuScreen.cpp in Sources */ = {isa = PBXBuildFile; fileRef = 17822087152E3DE600E213C9 /* MainMenuScreen.cpp */; };
		1782209E152E3DE600E213C9 /* OverlapTester.cpp in Sources */ = {isa = PBXBuildFile; fileRef = 17822088152E3DE600E213C9 /* OverlapTester.cpp */; };
		1782209F152E3DE600E213C9 /* Platform.cpp in Sources */ = {isa = PBXBuildFile; fileRef = 17822089152E3DE600E213C9 /* Platform.cpp */; };
		178220A0152E3DE600E213C9 /* Screen.cpp in Sources */ = {isa = PBXBuildFile; fileRef = 1782208A152E3DE600E213C9 /* Screen.cpp */; };
		178220A1152E3DE600E213C9 /* Settings.cpp in Sources */ = {isa = PBXBuildFile; fileRef = 1782208B152E3DE600E213C9 /* Settings.cpp */; };
		178220A2152E3DE600E213C9 /* SoundController.cpp in Sources */ = {isa = PBXBuildFile; fileRef = 1782208C152E3DE600E213C9 /* SoundController.cpp */; };
		178220A3152E3DE600E213C9 /* Spring.cpp in Sources */ = {isa = PBXBuildFile; fileRef = 1782208D152E3DE600E213C9 /* Spring.cpp */; };
		178220A4152E3DE600E213C9 /* Squirrel.cpp in Sources */ = {isa = PBXBuildFile; fileRef = 1782208E152E3DE600E213C9 /* Squirrel.cpp */; };
		178220A5152E3DE600E213C9 /* stdafx.cpp in Sources */ = {isa = PBXBuildFile; fileRef = 1782208F152E3DE600E213C9 /* stdafx.cpp */; };
		178220A6152E3DE600E213C9 /* SuperJumper.cpp in Sources */ = {isa = PBXBuildFile; fileRef = 17822090152E3DE600E213C9 /* SuperJumper.cpp */; };
		178220A7152E3DE600E213C9 /* World.cpp in Sources */ = {isa = PBXBuildFile; fileRef = 17822091152E3DE600E213C9 /* World.cpp */; };
		178220A8152E3DE600E213C9 /* WorldRenderer.cpp in Sources */ = {isa = PBXBuildFile; fileRef = 17822092152E3DE600E213C9 /* WorldRenderer.cpp */; };
		178220CB152E449200E213C9 /* libgdx-macos.a in Frameworks */ = {isa = PBXBuildFile; fileRef = 178220CA152E449200E213C9 /* libgdx-macos.a */; };
		178220CD152E449900E213C9 /* libbackend-glfw.a in Frameworks */ = {isa = PBXBuildFile; fileRef = 178220CC152E449900E213C9 /* libbackend-glfw.a */; };
		178220CF152E44C200E213C9 /* OpenGL.framework in Frameworks */ = {isa = PBXBuildFile; fileRef = 178220CE152E44C200E213C9 /* OpenGL.framework */; };
		178220D1152E492C00E213C9 /* libglfw.a in Frameworks */ = {isa = PBXBuildFile; fileRef = 178220D0152E492C00E213C9 /* libglfw.a */; };
		178220F4152E4A1000E213C9 /* data in Resources */ = {isa = PBXBuildFile; fileRef = 178220F3152E4A1000E213C9 /* data */; };
		17D18AA41554FA3500BCE0DC /* UIKit.framework in Frameworks */ = {isa = PBXBuildFile; fileRef = 17D18AA31554FA3500BCE0DC /* UIKit.framework */; };
		17D18AA61554FA3500BCE0DC /* Foundation.framework in Frameworks */ = {isa = PBXBuildFile; fileRef = 17D18AA51554FA3500BCE0DC /* Foundation.framework */; };
		17D18AA81554FA3500BCE0DC /* CoreGraphics.framework in Frameworks */ = {isa = PBXBuildFile; fileRef = 17D18AA71554FA3500BCE0DC /* CoreGraphics.framework */; };
		17D18AAE1554FA3500BCE0DC /* InfoPlist.strings in Resources */ = {isa = PBXBuildFile; fileRef = 17D18AAC1554FA3500BCE0DC /* InfoPlist.strings */; };
		17D18AB01554FA3500BCE0DC /* main.m in Sources */ = {isa = PBXBuildFile; fileRef = 17D18AAF1554FA3500BCE0DC /* main.m */; };
		17D18ABA1554FCCA00BCE0DC /* AppDelegate.mm in Sources */ = {isa = PBXBuildFile; fileRef = 17D18AB91554FCCA00BCE0DC /* AppDelegate.mm */; };
		17D18ABD1555006A00BCE0DC /* libbackend-ios.a in Frameworks */ = {isa = PBXBuildFile; fileRef = 17D18ABB1555006900BCE0DC /* libbackend-ios.a */; };
		17D18ABE1555006A00BCE0DC /* libgdx-ios.a in Frameworks */ = {isa = PBXBuildFile; fileRef = 17D18ABC1555006900BCE0DC /* libgdx-ios.a */; };
		17D18AC0155500D700BCE0DC /* OpenGLES.framework in Frameworks */ = {isa = PBXBuildFile; fileRef = 17D18ABF155500D700BCE0DC /* OpenGLES.framework */; };
		17D18AC11555023200BCE0DC /* Assets.cpp in Sources */ = {isa = PBXBuildFile; fileRef = 1782207D152E3DE600E213C9 /* Assets.cpp */; };
		17D18AC21555023200BCE0DC /* Bob.cpp in Sources */ = {isa = PBXBuildFile; fileRef = 1782207E152E3DE600E213C9 /* Bob.cpp */; };
		17D18AC31555023200BCE0DC /* Castle.cpp in Sources */ = {isa = PBXBuildFile; fileRef = 1782207F152E3DE600E213C9 /* Castle.cpp */; };
		17D18AC41555023200BCE0DC /* Coin.cpp in Sources */ = {isa = PBXBuildFile; fileRef = 17822080152E3DE600E213C9 /* Coin.cpp */; };
		17D18AC51555023200BCE0DC /* DynamicGameObject.cpp in Sources */ = {isa = PBXBuildFile; fileRef = 17822081152E3DE600E213C9 /* DynamicGameObject.cpp */; };
		17D18AC61555023200BCE0DC /* Game.cpp in Sources */ = {isa = PBXBuildFile; fileRef = 17822082152E3DE600E213C9 /* Game.cpp */; };
		17D18AC71555023200BCE0DC /* GameObject.cpp in Sources */ = {isa = PBXBuildFile; fileRef = 17822083152E3DE600E213C9 /* GameObject.cpp */; };
		17D18AC81555023200BCE0DC /* GameScreen.cpp in Sources */ = {isa = PBXBuildFile; fileRef = 17822084152E3DE600E213C9 /* GameScreen.cpp */; };
		17D18AC91555023200BCE0DC /* HelpScreen.cpp in Sources */ = {isa = PBXBuildFile; fileRef = 17822085152E3DE600E213C9 /* HelpScreen.cpp */; };
		17D18ACA1555023200BCE0DC /* HighscoresScreen.cpp in Sources */ = {isa = PBXBuildFile; fileRef = 17822086152E3DE600E213C9 /* HighscoresScreen.cpp */; };
		17D18ACB1555023200BCE0DC /* MainMenuScreen.cpp in Sources */ = {isa = PBXBuildFile; fileRef = 17822087152E3DE600E213C9 /* MainMenuScreen.cpp */; };
		17D18ACC1555023200BCE0DC /* OverlapTester.cpp in Sources */ = {isa = PBXBuildFile; fileRef = 17822088152E3DE600E213C9 /* OverlapTester.cpp */; };
		17D18ACD1555023200BCE0DC /* Platform.cpp in Sources */ = {isa = PBXBuildFile; fileRef = 17822089152E3DE600E213C9 /* Platform.cpp */; };
		17D18ACE1555023200BCE0DC /* Screen.cpp in Sources */ = {isa = PBXBuildFile; fileRef = 1782208A152E3DE600E213C9 /* Screen.cpp */; };
		17D18ACF1555023200BCE0DC /* Settings.cpp in Sources */ = {isa = PBXBuildFile; fileRef = 1782208B152E3DE600E213C9 /* Settings.cpp */; };
		17D18AD01555023200BCE0DC /* SoundController.cpp in Sources */ = {isa = PBXBuildFile; fileRef = 1782208C152E3DE600E213C9 /* SoundController.cpp */; };
		17D18AD11555023200BCE0DC /* Spring.cpp in Sources */ = {isa = PBXBuildFile; fileRef = 1782208D152E3DE600E213C9 /* Spring.cpp */; };
		17D18AD21555023200BCE0DC /* Squirrel.cpp in Sources */ = {isa = PBXBuildFile; fileRef = 1782208E152E3DE600E213C9 /* Squirrel.cpp */; };
		17D18AD31555023200BCE0DC /* stdafx.cpp in Sources */ = {isa = PBXBuildFile; fileRef = 1782208F152E3DE600E213C9 /* stdafx.cpp */; };
		17D18AD41555023200BCE0DC /* SuperJumper.cpp in Sources */ = {isa = PBXBuildFile; fileRef = 17822090152E3DE600E213C9 /* SuperJumper.cpp */; };
		17D18AD51555023200BCE0DC /* World.cpp in Sources */ = {isa = PBXBuildFile; fileRef = 17822091152E3DE600E213C9 /* World.cpp */; };
		17D18AD61555023200BCE0DC /* WorldRenderer.cpp in Sources */ = {isa = PBXBuildFile; fileRef = 17822092152E3DE600E213C9 /* WorldRenderer.cpp */; };
		17D18AD81555069E00BCE0DC /* QuartzCore.framework in Frameworks */ = {isa = PBXBuildFile; fileRef = 17D18AD71555069E00BCE0DC /* QuartzCore.framework */; };
		17D18AD9155508E600BCE0DC /* data in Resources */ = {isa = PBXBuildFile; fileRef = 178220F3152E4A1000E213C9 /* data */; };
/* End PBXBuildFile section */

/* Begin PBXFileReference section */
		1782203E152E3C8D00E213C9 /* superjumper.app */ = {isa = PBXFileReference; explicitFileType = wrapper.application; includeInIndex = 0; path = superjumper.app; sourceTree = BUILT_PRODUCTS_DIR; };
		17822042152E3C8D00E213C9 /* Cocoa.framework */ = {isa = PBXFileReference; lastKnownFileType = wrapper.framework; name = Cocoa.framework; path = System/Library/Frameworks/Cocoa.framework; sourceTree = SDKROOT; };
		17822045152E3C8D00E213C9 /* AppKit.framework */ = {isa = PBXFileReference; lastKnownFileType = wrapper.framework; name = AppKit.framework; path = System/Library/Frameworks/AppKit.framework; sourceTree = SDKROOT; };
		17822046152E3C8D00E213C9 /* CoreData.framework */ = {isa = PBXFileReference; lastKnownFileType = wrapper.framework; name = CoreData.framework; path = System/Library/Frameworks/CoreData.framework; sourceTree = SDKROOT; };
		17822047152E3C8D00E213C9 /* Foundation.framework */ = {isa = PBXFileReference; lastKnownFileType = wrapper.framework; name = Foundation.framework; path = System/Library/Frameworks/Foundation.framework; sourceTree = SDKROOT; };
		1782204A152E3C8D00E213C9 /* superjumper-Info.plist */ = {isa = PBXFileReference; lastKnownFileType = text.plist.xml; path = "superjumper-Info.plist"; sourceTree = "<group>"; };
		1782204C152E3C8D00E213C9 /* en */ = {isa = PBXFileReference; lastKnownFileType = text.plist.strings; name = en; path = en.lproj/InfoPlist.strings; sourceTree = "<group>"; };
		1782204E152E3C8D00E213C9 /* main.cpp */ = {isa = PBXFileReference; lastKnownFileType = sourcecode.cpp.cpp; path = main.cpp; sourceTree = "<group>"; };
		17822050152E3C8D00E213C9 /* superjumper-Prefix.pch */ = {isa = PBXFileReference; lastKnownFileType = sourcecode.c.h; path = "superjumper-Prefix.pch"; sourceTree = "<group>"; };
		17822052152E3C8D00E213C9 /* en */ = {isa = PBXFileReference; lastKnownFileType = text.rtf; name = en; path = en.lproj/Credits.rtf; sourceTree = "<group>"; };
		17822060152E3DC400E213C9 /* Assets.h */ = {isa = PBXFileReference; fileEncoding = 4; lastKnownFileType = sourcecode.c.h; path = Assets.h; sourceTree = "<group>"; };
		17822061152E3DC400E213C9 /* Bob.h */ = {isa = PBXFileReference; fileEncoding = 4; lastKnownFileType = sourcecode.c.h; path = Bob.h; sourceTree = "<group>"; };
		17822062152E3DC400E213C9 /* Castle.h */ = {isa = PBXFileReference; fileEncoding = 4; lastKnownFileType = sourcecode.c.h; path = Castle.h; sourceTree = "<group>"; };
		17822063152E3DC400E213C9 /* Coin.h */ = {isa = PBXFileReference; fileEncoding = 4; lastKnownFileType = sourcecode.c.h; path = Coin.h; sourceTree = "<group>"; };
		17822064152E3DC400E213C9 /* DynamicGameObject.h */ = {isa = PBXFileReference; fileEncoding = 4; lastKnownFileType = sourcecode.c.h; path = DynamicGameObject.h; sourceTree = "<group>"; };
		17822065152E3DC400E213C9 /* Game.h */ = {isa = PBXFileReference; fileEncoding = 4; lastKnownFileType = sourcecode.c.h; path = Game.h; sourceTree = "<group>"; };
		17822066152E3DC400E213C9 /* GameObject.h */ = {isa = PBXFileReference; fileEncoding = 4; lastKnownFileType = sourcecode.c.h; path = GameObject.h; sourceTree = "<group>"; };
		17822067152E3DC400E213C9 /* GameScreen.h */ = {isa = PBXFileReference; fileEncoding = 4; lastKnownFileType = sourcecode.c.h; path = GameScreen.h; sourceTree = "<group>"; };
		17822068152E3DC400E213C9 /* HelpScreen.h */ = {isa = PBXFileReference; fileEncoding = 4; lastKnownFileType = sourcecode.c.h; path = HelpScreen.h; sourceTree = "<group>"; };
		17822069152E3DC400E213C9 /* HelpScreen2.h */ = {isa = PBXFileReference; fileEncoding = 4; lastKnownFileType = sourcecode.c.h; path = HelpScreen2.h; sourceTree = "<group>"; };
		1782206A152E3DC400E213C9 /* HelpScreen3.h */ = {isa = PBXFileReference; fileEncoding = 4; lastKnownFileType = sourcecode.c.h; path = HelpScreen3.h; sourceTree = "<group>"; };
		1782206B152E3DC400E213C9 /* HelpScreen4.h */ = {isa = PBXFileReference; fileEncoding = 4; lastKnownFileType = sourcecode.c.h; path = HelpScreen4.h; sourceTree = "<group>"; };
		1782206C152E3DC400E213C9 /* HelpScreen5.h */ = {isa = PBXFileReference; fileEncoding = 4; lastKnownFileType = sourcecode.c.h; path = HelpScreen5.h; sourceTree = "<group>"; };
		1782206D152E3DC400E213C9 /* HighscoresScreen.h */ = {isa = PBXFileReference; fileEncoding = 4; lastKnownFileType = sourcecode.c.h; path = HighscoresScreen.h; sourceTree = "<group>"; };
		1782206E152E3DC400E213C9 /* MainMenuScreen.h */ = {isa = PBXFileReference; fileEncoding = 4; lastKnownFileType = sourcecode.c.h; path = MainMenuScreen.h; sourceTree = "<group>"; };
		1782206F152E3DC400E213C9 /* OverlapTester.h */ = {isa = PBXFileReference; fileEncoding = 4; lastKnownFileType = sourcecode.c.h; path = OverlapTester.h; sourceTree = "<group>"; };
		17822070152E3DC400E213C9 /* Platform.h */ = {isa = PBXFileReference; fileEncoding = 4; lastKnownFileType = sourcecode.c.h; path = Platform.h; sourceTree = "<group>"; };
		17822071152E3DC400E213C9 /* Screen.h */ = {isa = PBXFileReference; fileEncoding = 4; lastKnownFileType = sourcecode.c.h; path = Screen.h; sourceTree = "<group>"; };
		17822072152E3DC400E213C9 /* Settings.h */ = {isa = PBXFileReference; fileEncoding = 4; lastKnownFileType = sourcecode.c.h; path = Settings.h; sourceTree = "<group>"; };
		17822073152E3DC400E213C9 /* SoundController.h */ = {isa = PBXFileReference; fileEncoding = 4; lastKnownFileType = sourcecode.c.h; path = SoundController.h; sourceTree = "<group>"; };
		17822074152E3DC400E213C9 /* Spring.h */ = {isa = PBXFileReference; fileEncoding = 4; lastKnownFileType = sourcecode.c.h; path = Spring.h; sourceTree = "<group>"; };
		17822075152E3DC400E213C9 /* Squirrel.h */ = {isa = PBXFileReference; fileEncoding = 4; lastKnownFileType = sourcecode.c.h; path = Squirrel.h; sourceTree = "<group>"; };
		17822076152E3DC400E213C9 /* stdafx.h */ = {isa = PBXFileReference; fileEncoding = 4; lastKnownFileType = sourcecode.c.h; path = stdafx.h; sourceTree = "<group>"; };
		17822077152E3DC400E213C9 /* SuperJumper.h */ = {isa = PBXFileReference; fileEncoding = 4; lastKnownFileType = sourcecode.c.h; path = SuperJumper.h; sourceTree = "<group>"; };
		17822078152E3DC400E213C9 /* targetver.h */ = {isa = PBXFileReference; fileEncoding = 4; lastKnownFileType = sourcecode.c.h; path = targetver.h; sourceTree = "<group>"; };
		17822079152E3DC400E213C9 /* World.h */ = {isa = PBXFileReference; fileEncoding = 4; lastKnownFileType = sourcecode.c.h; path = World.h; sourceTree = "<group>"; };
		1782207A152E3DC400E213C9 /* WorldListener.h */ = {isa = PBXFileReference; fileEncoding = 4; lastKnownFileType = sourcecode.c.h; path = WorldListener.h; sourceTree = "<group>"; };
		1782207B152E3DC400E213C9 /* WorldRenderer.h */ = {isa = PBXFileReference; fileEncoding = 4; lastKnownFileType = sourcecode.c.h; path = WorldRenderer.h; sourceTree = "<group>"; };
		1782207D152E3DE600E213C9 /* Assets.cpp */ = {isa = PBXFileReference; fileEncoding = 4; lastKnownFileType = sourcecode.cpp.cpp; path = Assets.cpp; sourceTree = "<group>"; };
		1782207E152E3DE600E213C9 /* Bob.cpp */ = {isa = PBXFileReference; fileEncoding = 4; lastKnownFileType = sourcecode.cpp.cpp; path = Bob.cpp; sourceTree = "<group>"; };
		1782207F152E3DE600E213C9 /* Castle.cpp */ = {isa = PBXFileReference; fileEncoding = 4; lastKnownFileType = sourcecode.cpp.cpp; path = Castle.cpp; sourceTree = "<group>"; };
		17822080152E3DE600E213C9 /* Coin.cpp */ = {isa = PBXFileReference; fileEncoding = 4; lastKnownFileType = sourcecode.cpp.cpp; path = Coin.cpp; sourceTree = "<group>"; };
		17822081152E3DE600E213C9 /* DynamicGameObject.cpp */ = {isa = PBXFileReference; fileEncoding = 4; lastKnownFileType = sourcecode.cpp.cpp; path = DynamicGameObject.cpp; sourceTree = "<group>"; };
		17822082152E3DE600E213C9 /* Game.cpp */ = {isa = PBXFileReference; fileEncoding = 4; lastKnownFileType = sourcecode.cpp.cpp; path = Game.cpp; sourceTree = "<group>"; };
		17822083152E3DE600E213C9 /* GameObject.cpp */ = {isa = PBXFileReference; fileEncoding = 4; lastKnownFileType = sourcecode.cpp.cpp; path = GameObject.cpp; sourceTree = "<group>"; };
		17822084152E3DE600E213C9 /* GameScreen.cpp */ = {isa = PBXFileReference; fileEncoding = 4; lastKnownFileType = sourcecode.cpp.cpp; path = GameScreen.cpp; sourceTree = "<group>"; };
		17822085152E3DE600E213C9 /* HelpScreen.cpp */ = {isa = PBXFileReference; fileEncoding = 4; lastKnownFileType = sourcecode.cpp.cpp; path = HelpScreen.cpp; sourceTree = "<group>"; };
		17822086152E3DE600E213C9 /* HighscoresScreen.cpp */ = {isa = PBXFileReference; fileEncoding = 4; lastKnownFileType = sourcecode.cpp.cpp; path = HighscoresScreen.cpp; sourceTree = "<group>"; };
		17822087152E3DE600E213C9 /* MainMenuScreen.cpp */ = {isa = PBXFileReference; fileEncoding = 4; lastKnownFileType = sourcecode.cpp.cpp; path = MainMenuScreen.cpp; sourceTree = "<group>"; };
		17822088152E3DE600E213C9 /* OverlapTester.cpp */ = {isa = PBXFileReference; fileEncoding = 4; lastKnownFileType = sourcecode.cpp.cpp; path = OverlapTester.cpp; sourceTree = "<group>"; };
		17822089152E3DE600E213C9 /* Platform.cpp */ = {isa = PBXFileReference; fileEncoding = 4; lastKnownFileType = sourcecode.cpp.cpp; path = Platform.cpp; sourceTree = "<group>"; };
		1782208A152E3DE600E213C9 /* Screen.cpp */ = {isa = PBXFileReference; fileEncoding = 4; lastKnownFileType = sourcecode.cpp.cpp; path = Screen.cpp; sourceTree = "<group>"; };
		1782208B152E3DE600E213C9 /* Settings.cpp */ = {isa = PBXFileReference; fileEncoding = 4; lastKnownFileType = sourcecode.cpp.cpp; path = Settings.cpp; sourceTree = "<group>"; };
		1782208C152E3DE600E213C9 /* SoundController.cpp */ = {isa = PBXFileReference; fileEncoding = 4; lastKnownFileType = sourcecode.cpp.cpp; path = SoundController.cpp; sourceTree = "<group>"; };
		1782208D152E3DE600E213C9 /* Spring.cpp */ = {isa = PBXFileReference; fileEncoding = 4; lastKnownFileType = sourcecode.cpp.cpp; path = Spring.cpp; sourceTree = "<group>"; };
		1782208E152E3DE600E213C9 /* Squirrel.cpp */ = {isa = PBXFileReference; fileEncoding = 4; lastKnownFileType = sourcecode.cpp.cpp; path = Squirrel.cpp; sourceTree = "<group>"; };
		1782208F152E3DE600E213C9 /* stdafx.cpp */ = {isa = PBXFileReference; fileEncoding = 4; lastKnownFileType = sourcecode.cpp.cpp; path = stdafx.cpp; sourceTree = "<group>"; };
		17822090152E3DE600E213C9 /* SuperJumper.cpp */ = {isa = PBXFileReference; fileEncoding = 4; lastKnownFileType = sourcecode.cpp.cpp; path = SuperJumper.cpp; sourceTree = "<group>"; };
		17822091152E3DE600E213C9 /* World.cpp */ = {isa = PBXFileReference; fileEncoding = 4; lastKnownFileType = sourcecode.cpp.cpp; path = World.cpp; sourceTree = "<group>"; };
		17822092152E3DE600E213C9 /* WorldRenderer.cpp */ = {isa = PBXFileReference; fileEncoding = 4; lastKnownFileType = sourcecode.cpp.cpp; path = WorldRenderer.cpp; sourceTree = "<group>"; };
		178220CA152E449200E213C9 /* libgdx-macos.a */ = {isa = PBXFileReference; lastKnownFileType = archive.ar; name = "libgdx-macos.a"; path = "../../../../../../Library/Developer/Xcode/DerivedData/gdx-testing-osx-gixlikwjboncinfzefiysvwhyepd/Build/Products/Debug/libgdx-macos.a"; sourceTree = "<group>"; };
		178220CC152E449900E213C9 /* libbackend-glfw.a */ = {isa = PBXFileReference; lastKnownFileType = archive.ar; name = "libbackend-glfw.a"; path = "../../../../../../Library/Developer/Xcode/DerivedData/gdx-testing-osx-gixlikwjboncinfzefiysvwhyepd/Build/Products/Debug/libbackend-glfw.a"; sourceTree = "<group>"; };
		178220CE152E44C200E213C9 /* OpenGL.framework */ = {isa = PBXFileReference; lastKnownFileType = wrapper.framework; name = OpenGL.framework; path = System/Library/Frameworks/OpenGL.framework; sourceTree = SDKROOT; };
		178220D0152E492C00E213C9 /* libglfw.a */ = {isa = PBXFileReference; lastKnownFileType = archive.ar; name = libglfw.a; path = "../../../../backends/backend-glfw/extern/glfw-2.7.3/lib/cocoa/libglfw.a"; sourceTree = "<group>"; };
		178220F3152E4A1000E213C9 /* data */ = {isa = PBXFileReference; lastKnownFileType = folder; name = data; path = ../../../data; sourceTree = "<group>"; };
		17D18AA11554FA3500BCE0DC /* superjumper-ios.app */ = {isa = PBXFileReference; explicitFileType = wrapper.application; includeInIndex = 0; path = "superjumper-ios.app"; sourceTree = BUILT_PRODUCTS_DIR; };
		17D18AA31554FA3500BCE0DC /* UIKit.framework */ = {isa = PBXFileReference; lastKnownFileType = wrapper.framework; name = UIKit.framework; path = Library/Frameworks/UIKit.framework; sourceTree = DEVELOPER_DIR; };
		17D18AA51554FA3500BCE0DC /* Foundation.framework */ = {isa = PBXFileReference; lastKnownFileType = wrapper.framework; name = Foundation.framework; path = Library/Frameworks/Foundation.framework; sourceTree = DEVELOPER_DIR; };
		17D18AA71554FA3500BCE0DC /* CoreGraphics.framework */ = {isa = PBXFileReference; lastKnownFileType = wrapper.framework; name = CoreGraphics.framework; path = Library/Frameworks/CoreGraphics.framework; sourceTree = DEVELOPER_DIR; };
		17D18AAB1554FA3500BCE0DC /* superjumper-ios-Info.plist */ = {isa = PBXFileReference; lastKnownFileType = text.plist.xml; path = "superjumper-ios-Info.plist"; sourceTree = "<group>"; };
		17D18AAD1554FA3500BCE0DC /* en */ = {isa = PBXFileReference; lastKnownFileType = text.plist.strings; name = en; path = en.lproj/InfoPlist.strings; sourceTree = "<group>"; };
		17D18AAF1554FA3500BCE0DC /* main.m */ = {isa = PBXFileReference; lastKnownFileType = sourcecode.c.objc; path = main.m; sourceTree = "<group>"; };
		17D18AB11554FA3500BCE0DC /* superjumper-ios-Prefix.pch */ = {isa = PBXFileReference; lastKnownFileType = sourcecode.c.h; path = "superjumper-ios-Prefix.pch"; sourceTree = "<group>"; };
		17D18AB21554FA3600BCE0DC /* AppDelegate.h */ = {isa = PBXFileReference; lastKnownFileType = sourcecode.c.h; path = AppDelegate.h; sourceTree = "<group>"; };
		17D18AB91554FCCA00BCE0DC /* AppDelegate.mm */ = {isa = PBXFileReference; fileEncoding = 4; lastKnownFileType = sourcecode.cpp.objcpp; path = AppDelegate.mm; sourceTree = "<group>"; };
		17D18ABB1555006900BCE0DC /* libbackend-ios.a */ = {isa = PBXFileReference; lastKnownFileType = archive.ar; name = "libbackend-ios.a"; path = "../../../../../../Library/Developer/Xcode/DerivedData/gdx-testing-osx-gixlikwjboncinfzefiysvwhyepd/Build/Products/Debug-iphoneos/libbackend-ios.a"; sourceTree = "<group>"; };
		17D18ABC1555006900BCE0DC /* libgdx-ios.a */ = {isa = PBXFileReference; lastKnownFileType = file; name = "libgdx-ios.a"; path = "../../../../gdx/build/Release-iphoneos/libgdx-ios.a"; sourceTree = "<group>"; };
		17D18ABF155500D700BCE0DC /* OpenGLES.framework */ = {isa = PBXFileReference; lastKnownFileType = wrapper.framework; name = OpenGLES.framework; path = Platforms/iPhoneOS.platform/Developer/SDKs/iPhoneOS5.1.sdk/System/Library/Frameworks/OpenGLES.framework; sourceTree = DEVELOPER_DIR; };
		17D18AD71555069E00BCE0DC /* QuartzCore.framework */ = {isa = PBXFileReference; lastKnownFileType = wrapper.framework; name = QuartzCore.framework; path = Platforms/iPhoneOS.platform/Developer/SDKs/iPhoneOS5.1.sdk/System/Library/Frameworks/QuartzCore.framework; sourceTree = DEVELOPER_DIR; };
/* End PBXFileReference section */

/* Begin PBXFrameworksBuildPhase section */
		1782203B152E3C8D00E213C9 /* Frameworks */ = {
			isa = PBXFrameworksBuildPhase;
			buildActionMask = 2147483647;
			files = (
				0252C1E8153100980005B129 /* Cocoa.framework in Frameworks */,
				178220D1152E492C00E213C9 /* libglfw.a in Frameworks */,
				178220CF152E44C200E213C9 /* OpenGL.framework in Frameworks */,
				178220CD152E449900E213C9 /* libbackend-glfw.a in Frameworks */,
				178220CB152E449200E213C9 /* libgdx-macos.a in Frameworks */,
			);
			runOnlyForDeploymentPostprocessing = 0;
		};
		17D18A9E1554FA3500BCE0DC /* Frameworks */ = {
			isa = PBXFrameworksBuildPhase;
			buildActionMask = 2147483647;
			files = (
				17D18AD81555069E00BCE0DC /* QuartzCore.framework in Frameworks */,
				17D18AC0155500D700BCE0DC /* OpenGLES.framework in Frameworks */,
				17D18ABD1555006A00BCE0DC /* libbackend-ios.a in Frameworks */,
				17D18ABE1555006A00BCE0DC /* libgdx-ios.a in Frameworks */,
				17D18AA41554FA3500BCE0DC /* UIKit.framework in Frameworks */,
				17D18AA61554FA3500BCE0DC /* Foundation.framework in Frameworks */,
				17D18AA81554FA3500BCE0DC /* CoreGraphics.framework in Frameworks */,
			);
			runOnlyForDeploymentPostprocessing = 0;
		};
/* End PBXFrameworksBuildPhase section */

/* Begin PBXGroup section */
		17822033152E3C8D00E213C9 = {
			isa = PBXGroup;
			children = (
				17D18AD71555069E00BCE0DC /* QuartzCore.framework */,
				17D18ABF155500D700BCE0DC /* OpenGLES.framework */,
				17D18ABB1555006900BCE0DC /* libbackend-ios.a */,
				17D18ABC1555006900BCE0DC /* libgdx-ios.a */,
				178220D0152E492C00E213C9 /* libglfw.a */,
				178220CC152E449900E213C9 /* libbackend-glfw.a */,
				178220CA152E449200E213C9 /* libgdx-macos.a */,
				17822048152E3C8D00E213C9 /* superjumper */,
				17D18AA91554FA3500BCE0DC /* superjumper-ios */,
				17822041152E3C8D00E213C9 /* Frameworks */,
				1782203F152E3C8D00E213C9 /* Products */,
			);
			sourceTree = "<group>";
		};
		1782203F152E3C8D00E213C9 /* Products */ = {
			isa = PBXGroup;
			children = (
				1782203E152E3C8D00E213C9 /* superjumper.app */,
				17D18AA11554FA3500BCE0DC /* superjumper-ios.app */,
			);
			name = Products;
			sourceTree = "<group>";
		};
		17822041152E3C8D00E213C9 /* Frameworks */ = {
			isa = PBXGroup;
			children = (
				178220CE152E44C200E213C9 /* OpenGL.framework */,
				17822042152E3C8D00E213C9 /* Cocoa.framework */,
				17D18AA31554FA3500BCE0DC /* UIKit.framework */,
				17D18AA51554FA3500BCE0DC /* Foundation.framework */,
				17D18AA71554FA3500BCE0DC /* CoreGraphics.framework */,
				17822044152E3C8D00E213C9 /* Other Frameworks */,
			);
			name = Frameworks;
			sourceTree = "<group>";
		};
		17822044152E3C8D00E213C9 /* Other Frameworks */ = {
			isa = PBXGroup;
			children = (
				17822045152E3C8D00E213C9 /* AppKit.framework */,
				17822046152E3C8D00E213C9 /* CoreData.framework */,
				17822047152E3C8D00E213C9 /* Foundation.framework */,
			);
			name = "Other Frameworks";
			sourceTree = "<group>";
		};
		17822048152E3C8D00E213C9 /* superjumper */ = {
			isa = PBXGroup;
			children = (
				178220F3152E4A1000E213C9 /* data */,
				1782207C152E3DE600E213C9 /* src */,
				1782205F152E3DC400E213C9 /* incl */,
				17822049152E3C8D00E213C9 /* Supporting Files */,
			);
			path = superjumper;
			sourceTree = "<group>";
		};
		17822049152E3C8D00E213C9 /* Supporting Files */ = {
			isa = PBXGroup;
			children = (
				1782204A152E3C8D00E213C9 /* superjumper-Info.plist */,
				1782204B152E3C8D00E213C9 /* InfoPlist.strings */,
				1782204E152E3C8D00E213C9 /* main.cpp */,
				17822050152E3C8D00E213C9 /* superjumper-Prefix.pch */,
				17822051152E3C8D00E213C9 /* Credits.rtf */,
			);
			name = "Supporting Files";
			sourceTree = "<group>";
		};
		1782205F152E3DC400E213C9 /* incl */ = {
			isa = PBXGroup;
			children = (
				17822060152E3DC400E213C9 /* Assets.h */,
				17822061152E3DC400E213C9 /* Bob.h */,
				17822062152E3DC400E213C9 /* Castle.h */,
				17822063152E3DC400E213C9 /* Coin.h */,
				17822064152E3DC400E213C9 /* DynamicGameObject.h */,
				17822065152E3DC400E213C9 /* Game.h */,
				17822066152E3DC400E213C9 /* GameObject.h */,
				17822067152E3DC400E213C9 /* GameScreen.h */,
				17822068152E3DC400E213C9 /* HelpScreen.h */,
				17822069152E3DC400E213C9 /* HelpScreen2.h */,
				1782206A152E3DC400E213C9 /* HelpScreen3.h */,
				1782206B152E3DC400E213C9 /* HelpScreen4.h */,
				1782206C152E3DC400E213C9 /* HelpScreen5.h */,
				1782206D152E3DC400E213C9 /* HighscoresScreen.h */,
				1782206E152E3DC400E213C9 /* MainMenuScreen.h */,
				1782206F152E3DC400E213C9 /* OverlapTester.h */,
				17822070152E3DC400E213C9 /* Platform.h */,
				17822071152E3DC400E213C9 /* Screen.h */,
				17822072152E3DC400E213C9 /* Settings.h */,
				17822073152E3DC400E213C9 /* SoundController.h */,
				17822074152E3DC400E213C9 /* Spring.h */,
				17822075152E3DC400E213C9 /* Squirrel.h */,
				17822076152E3DC400E213C9 /* stdafx.h */,
				17822077152E3DC400E213C9 /* SuperJumper.h */,
				17822078152E3DC400E213C9 /* targetver.h */,
				17822079152E3DC400E213C9 /* World.h */,
				1782207A152E3DC400E213C9 /* WorldListener.h */,
				1782207B152E3DC400E213C9 /* WorldRenderer.h */,
			);
			name = incl;
			path = ../../../incl;
			sourceTree = "<group>";
		};
		1782207C152E3DE600E213C9 /* src */ = {
			isa = PBXGroup;
			children = (
				1782207D152E3DE600E213C9 /* Assets.cpp */,
				1782207E152E3DE600E213C9 /* Bob.cpp */,
				1782207F152E3DE600E213C9 /* Castle.cpp */,
				17822080152E3DE600E213C9 /* Coin.cpp */,
				17822081152E3DE600E213C9 /* DynamicGameObject.cpp */,
				17822082152E3DE600E213C9 /* Game.cpp */,
				17822083152E3DE600E213C9 /* GameObject.cpp */,
				17822084152E3DE600E213C9 /* GameScreen.cpp */,
				17822085152E3DE600E213C9 /* HelpScreen.cpp */,
				17822086152E3DE600E213C9 /* HighscoresScreen.cpp */,
				17822087152E3DE600E213C9 /* MainMenuScreen.cpp */,
				17822088152E3DE600E213C9 /* OverlapTester.cpp */,
				17822089152E3DE600E213C9 /* Platform.cpp */,
				1782208A152E3DE600E213C9 /* Screen.cpp */,
				1782208B152E3DE600E213C9 /* Settings.cpp */,
				1782208C152E3DE600E213C9 /* SoundController.cpp */,
				1782208D152E3DE600E213C9 /* Spring.cpp */,
				1782208E152E3DE600E213C9 /* Squirrel.cpp */,
				1782208F152E3DE600E213C9 /* stdafx.cpp */,
				17822090152E3DE600E213C9 /* SuperJumper.cpp */,
				17822091152E3DE600E213C9 /* World.cpp */,
				17822092152E3DE600E213C9 /* WorldRenderer.cpp */,
			);
			name = src;
			path = ../../../src;
			sourceTree = "<group>";
		};
		17D18AA91554FA3500BCE0DC /* superjumper-ios */ = {
			isa = PBXGroup;
			children = (
				17D18AB91554FCCA00BCE0DC /* AppDelegate.mm */,
				17D18AB21554FA3600BCE0DC /* AppDelegate.h */,
				17D18AAA1554FA3500BCE0DC /* Supporting Files */,
			);
			path = "superjumper-ios";
			sourceTree = "<group>";
		};
		17D18AAA1554FA3500BCE0DC /* Supporting Files */ = {
			isa = PBXGroup;
			children = (
				17D18AAB1554FA3500BCE0DC /* superjumper-ios-Info.plist */,
				17D18AAC1554FA3500BCE0DC /* InfoPlist.strings */,
				17D18AAF1554FA3500BCE0DC /* main.m */,
				17D18AB11554FA3500BCE0DC /* superjumper-ios-Prefix.pch */,
			);
			name = "Supporting Files";
			sourceTree = "<group>";
		};
/* End PBXGroup section */

/* Begin PBXNativeTarget section */
		1782203D152E3C8D00E213C9 /* superjumper-osx */ = {
			isa = PBXNativeTarget;
			buildConfigurationList = 1782205C152E3C8D00E213C9 /* Build configuration list for PBXNativeTarget "superjumper-osx" */;
			buildPhases = (
				1782203A152E3C8D00E213C9 /* Sources */,
				1782203B152E3C8D00E213C9 /* Frameworks */,
				1782203C152E3C8D00E213C9 /* Resources */,
			);
			buildRules = (
			);
			dependencies = (
			);
			name = "superjumper-osx";
			productName = superjumper;
			productReference = 1782203E152E3C8D00E213C9 /* superjumper.app */;
			productType = "com.apple.product-type.application";
		};
		17D18AA01554FA3500BCE0DC /* superjumper-ios */ = {
			isa = PBXNativeTarget;
			buildConfigurationList = 17D18AB71554FA3600BCE0DC /* Build configuration list for PBXNativeTarget "superjumper-ios" */;
			buildPhases = (
				17D18A9D1554FA3500BCE0DC /* Sources */,
				17D18A9E1554FA3500BCE0DC /* Frameworks */,
				17D18A9F1554FA3500BCE0DC /* Resources */,
			);
			buildRules = (
			);
			dependencies = (
			);
			name = "superjumper-ios";
			productName = "superjumper-ios";
			productReference = 17D18AA11554FA3500BCE0DC /* superjumper-ios.app */;
			productType = "com.apple.product-type.application";
		};
/* End PBXNativeTarget section */

/* Begin PBXProject section */
		17822035152E3C8D00E213C9 /* Project object */ = {
			isa = PBXProject;
			attributes = {
				LastUpgradeCheck = 0420;
				ORGANIZATIONNAME = Home;
			};
			buildConfigurationList = 17822038152E3C8D00E213C9 /* Build configuration list for PBXProject "superjumper" */;
			compatibilityVersion = "Xcode 3.2";
			developmentRegion = English;
			hasScannedForEncodings = 0;
			knownRegions = (
				en,
			);
			mainGroup = 17822033152E3C8D00E213C9;
			productRefGroup = 1782203F152E3C8D00E213C9 /* Products */;
			projectDirPath = "";
			projectRoot = "";
			targets = (
				1782203D152E3C8D00E213C9 /* superjumper-osx */,
				17D18AA01554FA3500BCE0DC /* superjumper-ios */,
			);
		};
/* End PBXProject section */

/* Begin PBXResourcesBuildPhase section */
		1782203C152E3C8D00E213C9 /* Resources */ = {
			isa = PBXResourcesBuildPhase;
			buildActionMask = 2147483647;
			files = (
				1782204D152E3C8D00E213C9 /* InfoPlist.strings in Resources */,
				17822053152E3C8D00E213C9 /* Credits.rtf in Resources */,
				178220F4152E4A1000E213C9 /* data in Resources */,
			);
			runOnlyForDeploymentPostprocessing = 0;
		};
		17D18A9F1554FA3500BCE0DC /* Resources */ = {
			isa = PBXResourcesBuildPhase;
			buildActionMask = 2147483647;
			files = (
				17D18AAE1554FA3500BCE0DC /* InfoPlist.strings in Resources */,
				17D18AD9155508E600BCE0DC /* data in Resources */,
			);
			runOnlyForDeploymentPostprocessing = 0;
		};
/* End PBXResourcesBuildPhase section */

/* Begin PBXSourcesBuildPhase section */
		1782203A152E3C8D00E213C9 /* Sources */ = {
			isa = PBXSourcesBuildPhase;
			buildActionMask = 2147483647;
			files = (
				1782204F152E3C8D00E213C9 /* main.cpp in Sources */,
				17822093152E3DE600E213C9 /* Assets.cpp in Sources */,
				17822094152E3DE600E213C9 /* Bob.cpp in Sources */,
				17822095152E3DE600E213C9 /* Castle.cpp in Sources */,
				17822096152E3DE600E213C9 /* Coin.cpp in Sources */,
				17822097152E3DE600E213C9 /* DynamicGameObject.cpp in Sources */,
				17822098152E3DE600E213C9 /* Game.cpp in Sources */,
				17822099152E3DE600E213C9 /* GameObject.cpp in Sources */,
				1782209A152E3DE600E213C9 /* GameScreen.cpp in Sources */,
				1782209B152E3DE600E213C9 /* HelpScreen.cpp in Sources */,
				1782209C152E3DE600E213C9 /* HighscoresScreen.cpp in Sources */,
				1782209D152E3DE600E213C9 /* MainMenuScreen.cpp in Sources */,
				1782209E152E3DE600E213C9 /* OverlapTester.cpp in Sources */,
				1782209F152E3DE600E213C9 /* Platform.cpp in Sources */,
				178220A0152E3DE600E213C9 /* Screen.cpp in Sources */,
				178220A1152E3DE600E213C9 /* Settings.cpp in Sources */,
				178220A2152E3DE600E213C9 /* SoundController.cpp in Sources */,
				178220A3152E3DE600E213C9 /* Spring.cpp in Sources */,
				178220A4152E3DE600E213C9 /* Squirrel.cpp in Sources */,
				178220A5152E3DE600E213C9 /* stdafx.cpp in Sources */,
				178220A6152E3DE600E213C9 /* SuperJumper.cpp in Sources */,
				178220A7152E3DE600E213C9 /* World.cpp in Sources */,
				178220A8152E3DE600E213C9 /* WorldRenderer.cpp in Sources */,
			);
			runOnlyForDeploymentPostprocessing = 0;
		};
		17D18A9D1554FA3500BCE0DC /* Sources */ = {
			isa = PBXSourcesBuildPhase;
			buildActionMask = 2147483647;
			files = (
				17D18AB01554FA3500BCE0DC /* main.m in Sources */,
				17D18ABA1554FCCA00BCE0DC /* AppDelegate.mm in Sources */,
				17D18AC11555023200BCE0DC /* Assets.cpp in Sources */,
				17D18AC21555023200BCE0DC /* Bob.cpp in Sources */,
				17D18AC31555023200BCE0DC /* Castle.cpp in Sources */,
				17D18AC41555023200BCE0DC /* Coin.cpp in Sources */,
				17D18AC51555023200BCE0DC /* DynamicGameObject.cpp in Sources */,
				17D18AC61555023200BCE0DC /* Game.cpp in Sources */,
				17D18AC71555023200BCE0DC /* GameObject.cpp in Sources */,
				17D18AC81555023200BCE0DC /* GameScreen.cpp in Sources */,
				17D18AC91555023200BCE0DC /* HelpScreen.cpp in Sources */,
				17D18ACA1555023200BCE0DC /* HighscoresScreen.cpp in Sources */,
				17D18ACB1555023200BCE0DC /* MainMenuScreen.cpp in Sources */,
				17D18ACC1555023200BCE0DC /* OverlapTester.cpp in Sources */,
				17D18ACD1555023200BCE0DC /* Platform.cpp in Sources */,
				17D18ACE1555023200BCE0DC /* Screen.cpp in Sources */,
				17D18ACF1555023200BCE0DC /* Settings.cpp in Sources */,
				17D18AD01555023200BCE0DC /* SoundController.cpp in Sources */,
				17D18AD11555023200BCE0DC /* Spring.cpp in Sources */,
				17D18AD21555023200BCE0DC /* Squirrel.cpp in Sources */,
				17D18AD31555023200BCE0DC /* stdafx.cpp in Sources */,
				17D18AD41555023200BCE0DC /* SuperJumper.cpp in Sources */,
				17D18AD51555023200BCE0DC /* World.cpp in Sources */,
				17D18AD61555023200BCE0DC /* WorldRenderer.cpp in Sources */,
			);
			runOnlyForDeploymentPostprocessing = 0;
		};
/* End PBXSourcesBuildPhase section */

/* Begin PBXVariantGroup section */
		1782204B152E3C8D00E213C9 /* InfoPlist.strings */ = {
			isa = PBXVariantGroup;
			children = (
				1782204C152E3C8D00E213C9 /* en */,
			);
			name = InfoPlist.strings;
			sourceTree = "<group>";
		};
		17822051152E3C8D00E213C9 /* Credits.rtf */ = {
			isa = PBXVariantGroup;
			children = (
				17822052152E3C8D00E213C9 /* en */,
			);
			name = Credits.rtf;
			sourceTree = "<group>";
		};
		17D18AAC1554FA3500BCE0DC /* InfoPlist.strings */ = {
			isa = PBXVariantGroup;
			children = (
				17D18AAD1554FA3500BCE0DC /* en */,
			);
			name = InfoPlist.strings;
			sourceTree = "<group>";
		};
/* End PBXVariantGroup section */

/* Begin XCBuildConfiguration section */
		1782205A152E3C8D00E213C9 /* Debug */ = {
			isa = XCBuildConfiguration;
			buildSettings = {
				ALWAYS_SEARCH_USER_PATHS = NO;
				ARCHS = "$(ARCHS_STANDARD_64_BIT)";
				COPY_PHASE_STRIP = NO;
				GCC_C_LANGUAGE_STANDARD = gnu99;
				GCC_DYNAMIC_NO_PIC = NO;
				GCC_ENABLE_OBJC_EXCEPTIONS = YES;
				GCC_OPTIMIZATION_LEVEL = 0;
				GCC_PREPROCESSOR_DEFINITIONS = (
					"DEBUG=1",
					"$(inherited)",
				);
				GCC_SYMBOLS_PRIVATE_EXTERN = NO;
				GCC_VERSION = com.apple.compilers.llvm.clang.1_0;
				GCC_WARN_64_TO_32_BIT_CONVERSION = YES;
				GCC_WARN_ABOUT_MISSING_PROTOTYPES = YES;
				GCC_WARN_ABOUT_RETURN_TYPE = YES;
				GCC_WARN_UNUSED_VARIABLE = YES;
				MACOSX_DEPLOYMENT_TARGET = 10.7;
				ONLY_ACTIVE_ARCH = YES;
				SDKROOT = macosx;
			};
			name = Debug;
		};
		1782205B152E3C8D00E213C9 /* Release */ = {
			isa = XCBuildConfiguration;
			buildSettings = {
				ALWAYS_SEARCH_USER_PATHS = NO;
				ARCHS = "$(ARCHS_STANDARD_64_BIT)";
				COPY_PHASE_STRIP = YES;
				DEBUG_INFORMATION_FORMAT = "dwarf-with-dsym";
				GCC_C_LANGUAGE_STANDARD = gnu99;
				GCC_ENABLE_OBJC_EXCEPTIONS = YES;
				GCC_VERSION = com.apple.compilers.llvm.clang.1_0;
				GCC_WARN_64_TO_32_BIT_CONVERSION = YES;
				GCC_WARN_ABOUT_MISSING_PROTOTYPES = YES;
				GCC_WARN_ABOUT_RETURN_TYPE = YES;
				GCC_WARN_UNUSED_VARIABLE = YES;
				MACOSX_DEPLOYMENT_TARGET = 10.7;
				SDKROOT = macosx;
			};
			name = Release;
		};
		1782205D152E3C8D00E213C9 /* Debug */ = {
			isa = XCBuildConfiguration;
			buildSettings = {
				GCC_PRECOMPILE_PREFIX_HEADER = YES;
				GCC_PREFIX_HEADER = "superjumper/superjumper-Prefix.pch";
				GCC_VERSION = com.apple.compilers.llvmgcc42;
				HEADER_SEARCH_PATHS = (
					../../../../gdx/include,
					"../../../../backends/backend-glfw/exp",
				);
				INFOPLIST_FILE = "superjumper/superjumper-Info.plist";
				LIBRARY_SEARCH_PATHS = (
					"$(inherited)",
					"\"$(SRCROOT)/../../../../../../Library/Developer/Xcode/DerivedData/gdx-testing-osx-gixlikwjboncinfzefiysvwhyepd/Build/Products/Debug\"",
					"\"$(SRCROOT)/../../../../backends/backend-glfw/extern/glfw-2.7.3/lib/cocoa\"",
				);
				MACOSX_DEPLOYMENT_TARGET = 10.6;
				PRODUCT_NAME = "$(TARGET_NAME)";
				WRAPPER_EXTENSION = app;
			};
			name = Debug;
		};
		1782205E152E3C8D00E213C9 /* Release */ = {
			isa = XCBuildConfiguration;
			buildSettings = {
				GCC_PRECOMPILE_PREFIX_HEADER = YES;
				GCC_PREFIX_HEADER = "superjumper/superjumper-Prefix.pch";
				GCC_VERSION = com.apple.compilers.llvmgcc42;
				HEADER_SEARCH_PATHS = (
					../../../../gdx/include,
					"../../../../backends/backend-glfw/exp",
				);
				INFOPLIST_FILE = "superjumper/superjumper-Info.plist";
				LIBRARY_SEARCH_PATHS = (
					"$(inherited)",
					"\"$(SRCROOT)/../../../../../../Library/Developer/Xcode/DerivedData/gdx-testing-osx-gixlikwjboncinfzefiysvwhyepd/Build/Products/Debug\"",
					"\"$(SRCROOT)/../../../../backends/backend-glfw/extern/glfw-2.7.3/lib/cocoa\"",
				);
				MACOSX_DEPLOYMENT_TARGET = 10.6;
				PRODUCT_NAME = "$(TARGET_NAME)";
				WRAPPER_EXTENSION = app;
			};
			name = Release;
		};
		17D18AB51554FA3600BCE0DC /* Debug */ = {
			isa = XCBuildConfiguration;
			buildSettings = {
				ARCHS = "$(ARCHS_STANDARD_32_BIT)";
				CLANG_ENABLE_OBJC_ARC = YES;
				"CODE_SIGN_IDENTITY[sdk=iphoneos*]" = "iPhone Developer";
				FRAMEWORK_SEARCH_PATHS = (
					"$(inherited)",
					"\"$(SYSTEM_APPS_DIR)/Xcode.app/Contents/Developer/Library/Frameworks\"",
				);
				GCC_PRECOMPILE_PREFIX_HEADER = YES;
				GCC_PREFIX_HEADER = "superjumper-ios/superjumper-ios-Prefix.pch";
				GCC_PREPROCESSOR_DEFINITIONS = (
					"DEBUG=1",
					TARGET_IOS,
				);
				GCC_WARN_UNINITIALIZED_AUTOS = YES;
				HEADER_SEARCH_PATHS = (
					../../../../gdx/include,
					"../../../../backends/backend-ios/incl",
				);
				INFOPLIST_FILE = "superjumper-ios/superjumper-ios-Info.plist";
				IPHONEOS_DEPLOYMENT_TARGET = 5.1;
				LIBRARY_SEARCH_PATHS = (
					"$(inherited)",
					"\"$(SRCROOT)/../../../../../../Library/Developer/Xcode/DerivedData/gdx-testing-osx-gixlikwjboncinfzefiysvwhyepd/Build/Products/Debug-iphoneos\"",
				);
				PRODUCT_NAME = "$(TARGET_NAME)";
				SDKROOT = iphoneos;
				TARGETED_DEVICE_FAMILY = "1,2";
				WRAPPER_EXTENSION = app;
			};
			name = Debug;
		};
		17D18AB61554FA3600BCE0DC /* Release */ = {
			isa = XCBuildConfiguration;
			buildSettings = {
				ARCHS = "$(ARCHS_STANDARD_32_BIT)";
				CLANG_ENABLE_OBJC_ARC = YES;
				"CODE_SIGN_IDENTITY[sdk=iphoneos*]" = "iPhone Developer";
				FRAMEWORK_SEARCH_PATHS = (
					"$(inherited)",
					"\"$(SYSTEM_APPS_DIR)/Xcode.app/Contents/Developer/Library/Frameworks\"",
				);
				GCC_PRECOMPILE_PREFIX_HEADER = YES;
				GCC_PREFIX_HEADER = "superjumper-ios/superjumper-ios-Prefix.pch";
				GCC_PREPROCESSOR_DEFINITIONS = TARGET_IOS;
				GCC_WARN_UNINITIALIZED_AUTOS = YES;
				HEADER_SEARCH_PATHS = (
					../../../../gdx/include,
					"../../../../backends/backend-ios/incl",
				);
				INFOPLIST_FILE = "superjumper-ios/superjumper-ios-Info.plist";
				IPHONEOS_DEPLOYMENT_TARGET = 5.1;
				LIBRARY_SEARCH_PATHS = (
					"$(inherited)",
					"\"$(SRCROOT)/../../../../../../Library/Developer/Xcode/DerivedData/gdx-testing-osx-gixlikwjboncinfzefiysvwhyepd/Build/Products/Debug-iphoneos\"",
				);
				OTHER_CFLAGS = "-DNS_BLOCK_ASSERTIONS=1";
				PRODUCT_NAME = "$(TARGET_NAME)";
				SDKROOT = iphoneos;
				TARGETED_DEVICE_FAMILY = "1,2";
				VALIDATE_PRODUCT = YES;
				WRAPPER_EXTENSION = app;
			};
			name = Release;
		};
/* End XCBuildConfiguration section */

/* Begin XCConfigurationList section */
		17822038152E3C8D00E213C9 /* Build configuration list for PBXProject "superjumper" */ = {
			isa = XCConfigurationList;
			buildConfigurations = (
				1782205A152E3C8D00E213C9 /* Debug */,
				1782205B152E3C8D00E213C9 /* Release */,
			);
			defaultConfigurationIsVisible = 0;
			defaultConfigurationName = Release;
		};
		1782205C152E3C8D00E213C9 /* Build configuration list for PBXNativeTarget "superjumper-osx" */ = {
			isa = XCConfigurationList;
			buildConfigurations = (
				1782205D152E3C8D00E213C9 /* Debug */,
				1782205E152E3C8D00E213C9 /* Release */,
			);
			defaultConfigurationIsVisible = 0;
			defaultConfigurationName = Release;
		};
		17D18AB71554FA3600BCE0DC /* Build configuration list for PBXNativeTarget "superjumper-ios" */ = {
			isa = XCConfigurationList;
			buildConfigurations = (
				17D18AB51554FA3600BCE0DC /* Debug */,
				17D18AB61554FA3600BCE0DC /* Release */,
			);
			defaultConfigurationIsVisible = 0;
		};
/* End XCConfigurationList section */
	};
	rootObject = 17822035152E3C8D00E213C9 /* Project object */;
}
